// !$*UTF8*$!
{
	archiveVersion = 1;
	classes = {
	};
	objectVersion = 51;
	objects = {

/* Begin PBXBuildFile section */
		18428A1DC25E225B2A31DF97 /* Pods_InvasivesBCTests.framework in Frameworks */ = {isa = PBXBuildFile; fileRef = 5BC95AEA308A2AF7F852FEFE /* Pods_InvasivesBCTests.framework */; };
		2944BD0D2437DD7200826F48 /* AppDelegate.swift in Sources */ = {isa = PBXBuildFile; fileRef = 2944BD0C2437DD7200826F48 /* AppDelegate.swift */; };
		2944BD0F2437DD7200826F48 /* SceneDelegate.swift in Sources */ = {isa = PBXBuildFile; fileRef = 2944BD0E2437DD7200826F48 /* SceneDelegate.swift */; };
		2944BD112437DD7200826F48 /* ViewController.swift in Sources */ = {isa = PBXBuildFile; fileRef = 2944BD102437DD7200826F48 /* ViewController.swift */; };
		2944BD142437DD7200826F48 /* Main.storyboard in Resources */ = {isa = PBXBuildFile; fileRef = 2944BD122437DD7200826F48 /* Main.storyboard */; };
		2944BD162437DD7500826F48 /* Assets.xcassets in Resources */ = {isa = PBXBuildFile; fileRef = 2944BD152437DD7500826F48 /* Assets.xcassets */; };
		2944BD192437DD7500826F48 /* LaunchScreen.storyboard in Resources */ = {isa = PBXBuildFile; fileRef = 2944BD172437DD7500826F48 /* LaunchScreen.storyboard */; };
		2944BD242437DD7500826F48 /* InvasivesBCTests.swift in Sources */ = {isa = PBXBuildFile; fileRef = 2944BD232437DD7500826F48 /* InvasivesBCTests.swift */; };
		29B1E5C22446522A00C44C78 /* LocationServices.swift in Sources */ = {isa = PBXBuildFile; fileRef = 29B1E5B82446522A00C44C78 /* LocationServices.swift */; };
		29B1E5C32446522A00C44C78 /* AlbersCoordinate.swift in Sources */ = {isa = PBXBuildFile; fileRef = 29B1E5BA2446522A00C44C78 /* AlbersCoordinate.swift */; };
		29B1E5C42446522A00C44C78 /* UTMCoordinate.swift in Sources */ = {isa = PBXBuildFile; fileRef = 29B1E5BB2446522A00C44C78 /* UTMCoordinate.swift */; };
		29B1E5C52446522A00C44C78 /* HexLocation.swift in Sources */ = {isa = PBXBuildFile; fileRef = 29B1E5BC2446522A00C44C78 /* HexLocation.swift */; };
		29B1E5C62446522A00C44C78 /* bcAlbersBoundry.json in Resources */ = {isa = PBXBuildFile; fileRef = 29B1E5BE2446522A00C44C78 /* bcAlbersBoundry.json */; };
		29B1E5C72446522A00C44C78 /* hexRules.json in Resources */ = {isa = PBXBuildFile; fileRef = 29B1E5BF2446522A00C44C78 /* hexRules.json */; };
		29B1E5C82446522A00C44C78 /* insideOutsideTest.json in Resources */ = {isa = PBXBuildFile; fileRef = 29B1E5C02446522A00C44C78 /* insideOutsideTest.json */; };
		29B1E5C92446522A00C44C78 /* bcHexTest.json in Resources */ = {isa = PBXBuildFile; fileRef = 29B1E5C12446522A00C44C78 /* bcHexTest.json */; };
		29B1E5CB2446524800C44C78 /* LocationServicesTests.swift in Sources */ = {isa = PBXBuildFile; fileRef = 29B1E5CA2446524800C44C78 /* LocationServicesTests.swift */; };
		29B1E5D12447811500C44C78 /* HexRule.swift in Sources */ = {isa = PBXBuildFile; fileRef = 29B1E5D02447811500C44C78 /* HexRule.swift */; };
		29DADEFC244E0A3A0060628F /* FoundationExtension.swift in Sources */ = {isa = PBXBuildFile; fileRef = 29DADEF6244E0A3A0060628F /* FoundationExtension.swift */; };
		29DADEFD244E0A3A0060628F /* StringExtension.swift in Sources */ = {isa = PBXBuildFile; fileRef = 29DADEF7244E0A3A0060628F /* StringExtension.swift */; };
		29DADEFE244E0A3A0060628F /* UIViewControllerExtensions.swift in Sources */ = {isa = PBXBuildFile; fileRef = 29DADEF8244E0A3A0060628F /* UIViewControllerExtensions.swift */; };
		29DADF00244E0A3A0060628F /* ArrayExtension.swift in Sources */ = {isa = PBXBuildFile; fileRef = 29DADEFA244E0A3A0060628F /* ArrayExtension.swift */; };
		29DADF06244E0B580060628F /* unapproved-cross.json in Resources */ = {isa = PBXBuildFile; fileRef = 29DADF03244E0B580060628F /* unapproved-cross.json */; };
		29DADF07244E0B580060628F /* check-mark-success.json in Resources */ = {isa = PBXBuildFile; fileRef = 29DADF04244E0B580060628F /* check-mark-success.json */; };
		29DADF08244E0B580060628F /* sync-circle.json in Resources */ = {isa = PBXBuildFile; fileRef = 29DADF05244E0B580060628F /* sync-circle.json */; };
		29DADF0B244E0B5E0060628F /* JWTDecoder.swift in Sources */ = {isa = PBXBuildFile; fileRef = 29DADF0A244E0B5E0060628F /* JWTDecoder.swift */; };
		29DADF44244E0C130060628F /* Dropdown.storyboard in Resources */ = {isa = PBXBuildFile; fileRef = 29DADF1D244E0C120060628F /* Dropdown.storyboard */; };
		29DADF45244E0C130060628F /* Dropdown.swift in Sources */ = {isa = PBXBuildFile; fileRef = 29DADF1E244E0C120060628F /* Dropdown.swift */; };
		29DADF46244E0C130060628F /* DropdownViewController.swift in Sources */ = {isa = PBXBuildFile; fileRef = 29DADF1F244E0C120060628F /* DropdownViewController.swift */; };
		29DADF47244E0C130060628F /* DropdownTableViewCell.xib in Resources */ = {isa = PBXBuildFile; fileRef = 29DADF20244E0C120060628F /* DropdownTableViewCell.xib */; };
		29DADF48244E0C130060628F /* DropdownModel.swift in Sources */ = {isa = PBXBuildFile; fileRef = 29DADF21244E0C120060628F /* DropdownModel.swift */; };
		29DADF49244E0C130060628F /* DropdownTableViewCell.swift in Sources */ = {isa = PBXBuildFile; fileRef = 29DADF22244E0C120060628F /* DropdownTableViewCell.swift */; };
		29DADF4A244E0C130060628F /* TableEmptyStateTableViewCell.swift in Sources */ = {isa = PBXBuildFile; fileRef = 29DADF25244E0C120060628F /* TableEmptyStateTableViewCell.swift */; };
		29DADF4B244E0C130060628F /* TableEmptyStateTableViewCell.xib in Resources */ = {isa = PBXBuildFile; fileRef = 29DADF26244E0C120060628F /* TableEmptyStateTableViewCell.xib */; };
		29DADF4C244E0C130060628F /* TableRowTableViewCell.xib in Resources */ = {isa = PBXBuildFile; fileRef = 29DADF27244E0C120060628F /* TableRowTableViewCell.xib */; };
		29DADF4D244E0C130060628F /* TableRowTableViewCell.swift in Sources */ = {isa = PBXBuildFile; fileRef = 29DADF28244E0C120060628F /* TableRowTableViewCell.swift */; };
		29DADF4E244E0C130060628F /* TableView.xib in Resources */ = {isa = PBXBuildFile; fileRef = 29DADF29244E0C120060628F /* TableView.xib */; };
		29DADF4F244E0C130060628F /* Table.swift in Sources */ = {isa = PBXBuildFile; fileRef = 29DADF2A244E0C120060628F /* Table.swift */; };
		29DADF50244E0C130060628F /* TableView.swift in Sources */ = {isa = PBXBuildFile; fileRef = 29DADF2B244E0C120060628F /* TableView.swift */; };
		29DADF51244E0C130060628F /* TableViewModel.swift in Sources */ = {isa = PBXBuildFile; fileRef = 29DADF2C244E0C120060628F /* TableViewModel.swift */; };
		29DADF52244E0C130060628F /* TestTableViewObject.swift in Sources */ = {isa = PBXBuildFile; fileRef = 29DADF2D244E0C120060628F /* TestTableViewObject.swift */; };
		29DADF53244E0C130060628F /* Alert.swift in Sources */ = {isa = PBXBuildFile; fileRef = 29DADF2E244E0C120060628F /* Alert.swift */; };
		29DADF54244E0C130060628F /* Options.swift in Sources */ = {isa = PBXBuildFile; fileRef = 29DADF30244E0C120060628F /* Options.swift */; };
		29DADF55244E0C130060628F /* Options.storyboard in Resources */ = {isa = PBXBuildFile; fileRef = 29DADF31244E0C120060628F /* Options.storyboard */; };
		29DADF56244E0C130060628F /* OptionsTableViewCell.swift in Sources */ = {isa = PBXBuildFile; fileRef = 29DADF32244E0C120060628F /* OptionsTableViewCell.swift */; };
		29DADF57244E0C130060628F /* OptionsTableViewCell.xib in Resources */ = {isa = PBXBuildFile; fileRef = 29DADF33244E0C120060628F /* OptionsTableViewCell.xib */; };
		29DADF58244E0C130060628F /* PopoverSize.swift in Sources */ = {isa = PBXBuildFile; fileRef = 29DADF34244E0C120060628F /* PopoverSize.swift */; };
		29DADF59244E0C130060628F /* OptionsViewController.swift in Sources */ = {isa = PBXBuildFile; fileRef = 29DADF35244E0C120060628F /* OptionsViewController.swift */; };
		29DADF5A244E0C130060628F /* OptionType.swift in Sources */ = {isa = PBXBuildFile; fileRef = 29DADF36244E0C120060628F /* OptionType.swift */; };
		29DADF5B244E0C130060628F /* BannerView.swift in Sources */ = {isa = PBXBuildFile; fileRef = 29DADF38244E0C120060628F /* BannerView.swift */; };
		29DADF5C244E0C130060628F /* Banner.swift in Sources */ = {isa = PBXBuildFile; fileRef = 29DADF39244E0C120060628F /* Banner.swift */; };
		29DADF5D244E0C130060628F /* BannerView.xib in Resources */ = {isa = PBXBuildFile; fileRef = 29DADF3A244E0C120060628F /* BannerView.xib */; };
		29DADF5E244E0C130060628F /* PDFViewer.swift in Sources */ = {isa = PBXBuildFile; fileRef = 29DADF3C244E0C120060628F /* PDFViewer.swift */; };
		29DADF5F244E0C130060628F /* PDFViewer.xib in Resources */ = {isa = PBXBuildFile; fileRef = 29DADF3D244E0C120060628F /* PDFViewer.xib */; };
		29DADF60244E0C130060628F /* Switcher.swift in Sources */ = {isa = PBXBuildFile; fileRef = 29DADF3F244E0C130060628F /* Switcher.swift */; };
		29DADF61244E0C130060628F /* SwitcherView.xib in Resources */ = {isa = PBXBuildFile; fileRef = 29DADF40244E0C130060628F /* SwitcherView.xib */; };
		29DADF62244E0C130060628F /* SwitcherCollectionViewCell.xib in Resources */ = {isa = PBXBuildFile; fileRef = 29DADF41244E0C130060628F /* SwitcherCollectionViewCell.xib */; };
		29DADF63244E0C130060628F /* SwitcherView.swift in Sources */ = {isa = PBXBuildFile; fileRef = 29DADF42244E0C130060628F /* SwitcherView.swift */; };
		29DADF64244E0C130060628F /* SwitcherCollectionViewCell.swift in Sources */ = {isa = PBXBuildFile; fileRef = 29DADF43244E0C130060628F /* SwitcherCollectionViewCell.swift */; };
		29DADF68244E148C0060628F /* StatusColor.swift in Sources */ = {isa = PBXBuildFile; fileRef = 29DADF67244E148C0060628F /* StatusColor.swift */; };
		29DADF6C244E14B50060628F /* RealmRequests.swift in Sources */ = {isa = PBXBuildFile; fileRef = 29DADF6A244E14B50060628F /* RealmRequests.swift */; };
		29DADF6D244E14B50060628F /* BaseRealmObject.swift in Sources */ = {isa = PBXBuildFile; fileRef = 29DADF6B244E14B50060628F /* BaseRealmObject.swift */; };
		29DADF70244E14FB0060628F /* KeycloakConstants.swift in Sources */ = {isa = PBXBuildFile; fileRef = 29DADF6F244E14FB0060628F /* KeycloakConstants.swift */; };
		29DADF73244E15160060628F /* APIRequestProtocol.swift in Sources */ = {isa = PBXBuildFile; fileRef = 29DADF72244E15160060628F /* APIRequestProtocol.swift */; };
		29DADF75244E15F50060628F /* AppRemoteAPIConst.swift in Sources */ = {isa = PBXBuildFile; fileRef = 29DADF74244E15F50060628F /* AppRemoteAPIConst.swift */; };
		29DADF79244E16F80060628F /* Notifications.swift in Sources */ = {isa = PBXBuildFile; fileRef = 29DADF78244E16F80060628F /* Notifications.swift */; };
		29DADF7C244E173D0060628F /* BaseViewController.swift in Sources */ = {isa = PBXBuildFile; fileRef = 29DADF7B244E173D0060628F /* BaseViewController.swift */; };
		29DADF81244E1E200060628F /* TimePicker.swift in Sources */ = {isa = PBXBuildFile; fileRef = 29DADF7E244E1E200060628F /* TimePicker.swift */; };
		29DADF82244E1E200060628F /* TimePicker.storyboard in Resources */ = {isa = PBXBuildFile; fileRef = 29DADF7F244E1E200060628F /* TimePicker.storyboard */; };
		29DADF83244E1E200060628F /* TimePickerViewController.swift in Sources */ = {isa = PBXBuildFile; fileRef = 29DADF80244E1E200060628F /* TimePickerViewController.swift */; };
		29DADF86244E1FF70060628F /* AuthenticationService.swift in Sources */ = {isa = PBXBuildFile; fileRef = 29DADF85244E1FF70060628F /* AuthenticationService.swift */; };
		29DADF89244E206B0060628F /* APIService.swift in Sources */ = {isa = PBXBuildFile; fileRef = 29DADF88244E206B0060628F /* APIService.swift */; };
		29DADF8C244E3CF30060628F /* LoginViewController.swift in Sources */ = {isa = PBXBuildFile; fileRef = 29DADF8B244E3CF30060628F /* LoginViewController.swift */; };
		29DADF92244E3D870060628F /* Settings.swift in Sources */ = {isa = PBXBuildFile; fileRef = 29DADF8F244E3D870060628F /* Settings.swift */; };
		29DADF93244E3D870060628F /* SettingsModel.swift in Sources */ = {isa = PBXBuildFile; fileRef = 29DADF91244E3D870060628F /* SettingsModel.swift */; };
		29DADF96244E3E7A0060628F /* AccessService.swift in Sources */ = {isa = PBXBuildFile; fileRef = 29DADF95244E3E7A0060628F /* AccessService.swift */; };
		29DADF99244E3F560060628F /* UserService.swift in Sources */ = {isa = PBXBuildFile; fileRef = 29DADF98244E3F560060628F /* UserService.swift */; };
		29DADF9C244F75AD0060628F /* SyncService.swift in Sources */ = {isa = PBXBuildFile; fileRef = 29DADF9B244F75AD0060628F /* SyncService.swift */; };
		29DADFA0244F7AD60060628F /* AwaitingAccessResponse.xib in Resources */ = {isa = PBXBuildFile; fileRef = 29DADF9E244F7AD60060628F /* AwaitingAccessResponse.xib */; };
		29DADFA1244F7AD60060628F /* AwaitingAccessResponse.swift in Sources */ = {isa = PBXBuildFile; fileRef = 29DADF9F244F7AD60060628F /* AwaitingAccessResponse.swift */; };
		29DADFA3244F80D60060628F /* UserRoleModel.swift in Sources */ = {isa = PBXBuildFile; fileRef = 29DADFA2244F80D60060628F /* UserRoleModel.swift */; };
		29DADFA5244F84F10060628F /* UserModel.swift in Sources */ = {isa = PBXBuildFile; fileRef = 29DADFA4244F84F10060628F /* UserModel.swift */; };
		29DADFA8244F9F390060628F /* ViewControllerAuthentication.swift in Sources */ = {isa = PBXBuildFile; fileRef = 29DADFA7244F9F390060628F /* ViewControllerAuthentication.swift */; };
		5C64708C243CC52F0013720E /* DynamicValue.swift in Sources */ = {isa = PBXBuildFile; fileRef = 5C64708B243CC52F0013720E /* DynamicValue.swift */; };
		5C64708E243CCBF20013720E /* DynamicValueTest.swift in Sources */ = {isa = PBXBuildFile; fileRef = 5C64708D243CCBF20013720E /* DynamicValueTest.swift */; };
		5C647090243CDB630013720E /* FieldModels.swift in Sources */ = {isa = PBXBuildFile; fileRef = 5C64708F243CDB630013720E /* FieldModels.swift */; };
		5C647092243D0A190013720E /* Time.swift in Sources */ = {isa = PBXBuildFile; fileRef = 5C647091243D0A190013720E /* Time.swift */; };
		5C647094243D17B70013720E /* FieldModelTest.swift in Sources */ = {isa = PBXBuildFile; fileRef = 5C647093243D17B70013720E /* FieldModelTest.swift */; };
		5C647098243D20E70013720E /* BaseFieldCell.swift in Sources */ = {isa = PBXBuildFile; fileRef = 5C647097243D20E70013720E /* BaseFieldCell.swift */; };
		5C718444243B88D300BF131C /* .gitignore in Resources */ = {isa = PBXBuildFile; fileRef = 5C718443243B88D300BF131C /* .gitignore */; };
		5C71844A243B892A00BF131C /* UtilityObjC.m in Sources */ = {isa = PBXBuildFile; fileRef = 5C718448243B892A00BF131C /* UtilityObjC.m */; };
		5C718451243B896700BF131C /* FoundationExtension.swift in Sources */ = {isa = PBXBuildFile; fileRef = 5C71844B243B896600BF131C /* FoundationExtension.swift */; };
		5C718452243B896700BF131C /* ApplicationLogger.swift in Sources */ = {isa = PBXBuildFile; fileRef = 5C71844C243B896600BF131C /* ApplicationLogger.swift */; };
		5C718453243B896700BF131C /* GenericConst.swift in Sources */ = {isa = PBXBuildFile; fileRef = 5C71844D243B896600BF131C /* GenericConst.swift */; };
		5C718454243B896700BF131C /* Promise.swift in Sources */ = {isa = PBXBuildFile; fileRef = 5C71844E243B896600BF131C /* Promise.swift */; };
		5C718455243B896700BF131C /* ApplicationErrorConst.swift in Sources */ = {isa = PBXBuildFile; fileRef = 5C71844F243B896600BF131C /* ApplicationErrorConst.swift */; };
		5CA312962444A1660005AC75 /* Validator.swift in Sources */ = {isa = PBXBuildFile; fileRef = 5CA312952444A1660005AC75 /* Validator.swift */; };
		5CA312982444C5130005AC75 /* FieldGroupModels.swift in Sources */ = {isa = PBXBuildFile; fileRef = 5CA312972444C5130005AC75 /* FieldGroupModels.swift */; };
		5CA6E05A24474F8900774A28 /* BaseObject.swift in Sources */ = {isa = PBXBuildFile; fileRef = 5CA6E05924474F8900774A28 /* BaseObject.swift */; };
		5CA6E06B24475A2400774A28 /* BaseObjectExtension.swift in Sources */ = {isa = PBXBuildFile; fileRef = 5CA6E06A24475A2400774A28 /* BaseObjectExtension.swift */; };
		5CA6E06F24475DC900774A28 /* User.swift in Sources */ = {isa = PBXBuildFile; fileRef = 5CA6E06E24475DC900774A28 /* User.swift */; };
		5CA6E07124475EC300774A28 /* UserExtension.swift in Sources */ = {isa = PBXBuildFile; fileRef = 5CA6E07024475EC300774A28 /* UserExtension.swift */; };
		5CA6E07324475F2100774A28 /* UserModelTest.swift in Sources */ = {isa = PBXBuildFile; fileRef = 5CA6E07224475F2100774A28 /* UserModelTest.swift */; };
		5CAE6029243E14A100E4744E /* Colors.swift in Sources */ = {isa = PBXBuildFile; fileRef = 5CAE6025243E14A100E4744E /* Colors.swift */; };
		5CAE602A243E14A100E4744E /* Theme.swift in Sources */ = {isa = PBXBuildFile; fileRef = 5CAE6026243E14A100E4744E /* Theme.swift */; };
		5CAE602B243E14A100E4744E /* Fonts.swift in Sources */ = {isa = PBXBuildFile; fileRef = 5CAE6027243E14A100E4744E /* Fonts.swift */; };
		5CAE602C243E14A100E4744E /* GradiantView.swift in Sources */ = {isa = PBXBuildFile; fileRef = 5CAE6028243E14A100E4744E /* GradiantView.swift */; };
		5CAE602E243E166F00E4744E /* StringConstants.swift in Sources */ = {isa = PBXBuildFile; fileRef = 5CAE602D243E166F00E4744E /* StringConstants.swift */; };
		5CAE6030243E16DB00E4744E /* SettingsConstants.swift in Sources */ = {isa = PBXBuildFile; fileRef = 5CAE602F243E16DB00E4744E /* SettingsConstants.swift */; };
		5CAE6033243E182B00E4744E /* FieldGroup.swift in Sources */ = {isa = PBXBuildFile; fileRef = 5CAE6032243E182B00E4744E /* FieldGroup.swift */; };
		5CAE6035243E2D2B00E4744E /* FieldGroup+CollectionView.swift in Sources */ = {isa = PBXBuildFile; fileRef = 5CAE6034243E2D2B00E4744E /* FieldGroup+CollectionView.swift */; };
		5CAE603A243E2E4F00E4744E /* TextFieldCollectionViewCell.xib in Resources */ = {isa = PBXBuildFile; fileRef = 5CAE6038243E2E4F00E4744E /* TextFieldCollectionViewCell.xib */; };
		5CAE603B243E2E4F00E4744E /* TextFieldCollectionViewCell.swift in Sources */ = {isa = PBXBuildFile; fileRef = 5CAE6039243E2E4F00E4744E /* TextFieldCollectionViewCell.swift */; };
		5CAE603F243E55D100E4744E /* FieldCellTests.swift in Sources */ = {isa = PBXBuildFile; fileRef = 5CAE603E243E55D100E4744E /* FieldCellTests.swift */; };
		5CAE6043243E5E4000E4744E /* TextAreaFieldCollectionViewCell.xib in Resources */ = {isa = PBXBuildFile; fileRef = 5CAE6041243E5E4000E4744E /* TextAreaFieldCollectionViewCell.xib */; };
		5CAE6044243E5E4000E4744E /* TextAreaFieldCollectionViewCell.swift in Sources */ = {isa = PBXBuildFile; fileRef = 5CAE6042243E5E4000E4744E /* TextAreaFieldCollectionViewCell.swift */; };
		5CAE6048243E67BB00E4744E /* SwitchFieldCollectionViewCell.swift in Sources */ = {isa = PBXBuildFile; fileRef = 5CAE6046243E67BB00E4744E /* SwitchFieldCollectionViewCell.swift */; };
		5CAE6049243E67BC00E4744E /* SwitchFieldCollectionViewCell.xib in Resources */ = {isa = PBXBuildFile; fileRef = 5CAE6047243E67BB00E4744E /* SwitchFieldCollectionViewCell.xib */; };
		5CAE604D243E6E6500E4744E /* DateFieldCollectionViewCell.xib in Resources */ = {isa = PBXBuildFile; fileRef = 5CAE604B243E6E6500E4744E /* DateFieldCollectionViewCell.xib */; };
		5CAE604E243E6E6500E4744E /* DateFieldCollectionViewCell.swift in Sources */ = {isa = PBXBuildFile; fileRef = 5CAE604C243E6E6500E4744E /* DateFieldCollectionViewCell.swift */; };
		5CAE6050243F8D9800E4744E /* FieldGroupTests.swift in Sources */ = {isa = PBXBuildFile; fileRef = 5CAE604F243F8D9800E4744E /* FieldGroupTests.swift */; };
		D7658CBF16D2EBA8CA95964B /* Pods_InvasivesBC.framework in Frameworks */ = {isa = PBXBuildFile; fileRef = 3D4C207FA6A9E731E1565C66 /* Pods_InvasivesBC.framework */; };
/* End PBXBuildFile section */

/* Begin PBXContainerItemProxy section */
		2944BD202437DD7500826F48 /* PBXContainerItemProxy */ = {
			isa = PBXContainerItemProxy;
			containerPortal = 2944BD012437DD7200826F48 /* Project object */;
			proxyType = 1;
			remoteGlobalIDString = 2944BD082437DD7200826F48;
			remoteInfo = InvasivesBC;
		};
/* End PBXContainerItemProxy section */

/* Begin PBXFileReference section */
		2944BD092437DD7200826F48 /* InvasivesBC.app */ = {isa = PBXFileReference; explicitFileType = wrapper.application; includeInIndex = 0; path = InvasivesBC.app; sourceTree = BUILT_PRODUCTS_DIR; };
		2944BD0C2437DD7200826F48 /* AppDelegate.swift */ = {isa = PBXFileReference; lastKnownFileType = sourcecode.swift; path = AppDelegate.swift; sourceTree = "<group>"; };
		2944BD0E2437DD7200826F48 /* SceneDelegate.swift */ = {isa = PBXFileReference; lastKnownFileType = sourcecode.swift; path = SceneDelegate.swift; sourceTree = "<group>"; };
		2944BD102437DD7200826F48 /* ViewController.swift */ = {isa = PBXFileReference; lastKnownFileType = sourcecode.swift; path = ViewController.swift; sourceTree = "<group>"; };
		2944BD132437DD7200826F48 /* Base */ = {isa = PBXFileReference; lastKnownFileType = file.storyboard; name = Base; path = Base.lproj/Main.storyboard; sourceTree = "<group>"; };
		2944BD152437DD7500826F48 /* Assets.xcassets */ = {isa = PBXFileReference; lastKnownFileType = folder.assetcatalog; path = Assets.xcassets; sourceTree = "<group>"; };
		2944BD182437DD7500826F48 /* Base */ = {isa = PBXFileReference; lastKnownFileType = file.storyboard; name = Base; path = Base.lproj/LaunchScreen.storyboard; sourceTree = "<group>"; };
		2944BD1A2437DD7500826F48 /* Info.plist */ = {isa = PBXFileReference; lastKnownFileType = text.plist.xml; path = Info.plist; sourceTree = "<group>"; };
		2944BD1F2437DD7500826F48 /* InvasivesBCTests.xctest */ = {isa = PBXFileReference; explicitFileType = wrapper.cfbundle; includeInIndex = 0; path = InvasivesBCTests.xctest; sourceTree = BUILT_PRODUCTS_DIR; };
		2944BD232437DD7500826F48 /* InvasivesBCTests.swift */ = {isa = PBXFileReference; lastKnownFileType = sourcecode.swift; path = InvasivesBCTests.swift; sourceTree = "<group>"; };
		2944BD252437DD7500826F48 /* Info.plist */ = {isa = PBXFileReference; lastKnownFileType = text.plist.xml; path = Info.plist; sourceTree = "<group>"; };
		29B1E5B82446522A00C44C78 /* LocationServices.swift */ = {isa = PBXFileReference; fileEncoding = 4; lastKnownFileType = sourcecode.swift; path = LocationServices.swift; sourceTree = "<group>"; };
		29B1E5BA2446522A00C44C78 /* AlbersCoordinate.swift */ = {isa = PBXFileReference; fileEncoding = 4; lastKnownFileType = sourcecode.swift; path = AlbersCoordinate.swift; sourceTree = "<group>"; };
		29B1E5BB2446522A00C44C78 /* UTMCoordinate.swift */ = {isa = PBXFileReference; fileEncoding = 4; lastKnownFileType = sourcecode.swift; path = UTMCoordinate.swift; sourceTree = "<group>"; };
		29B1E5BC2446522A00C44C78 /* HexLocation.swift */ = {isa = PBXFileReference; fileEncoding = 4; lastKnownFileType = sourcecode.swift; path = HexLocation.swift; sourceTree = "<group>"; };
		29B1E5BE2446522A00C44C78 /* bcAlbersBoundry.json */ = {isa = PBXFileReference; fileEncoding = 4; lastKnownFileType = text.json; path = bcAlbersBoundry.json; sourceTree = "<group>"; };
		29B1E5BF2446522A00C44C78 /* hexRules.json */ = {isa = PBXFileReference; fileEncoding = 4; lastKnownFileType = text.json; path = hexRules.json; sourceTree = "<group>"; };
		29B1E5C02446522A00C44C78 /* insideOutsideTest.json */ = {isa = PBXFileReference; fileEncoding = 4; lastKnownFileType = text.json; path = insideOutsideTest.json; sourceTree = "<group>"; };
		29B1E5C12446522A00C44C78 /* bcHexTest.json */ = {isa = PBXFileReference; fileEncoding = 4; lastKnownFileType = text.json; path = bcHexTest.json; sourceTree = "<group>"; };
		29B1E5CA2446524800C44C78 /* LocationServicesTests.swift */ = {isa = PBXFileReference; fileEncoding = 4; lastKnownFileType = sourcecode.swift; path = LocationServicesTests.swift; sourceTree = "<group>"; };
		29B1E5D02447811500C44C78 /* HexRule.swift */ = {isa = PBXFileReference; lastKnownFileType = sourcecode.swift; path = HexRule.swift; sourceTree = "<group>"; };
		29DADEF6244E0A3A0060628F /* FoundationExtension.swift */ = {isa = PBXFileReference; fileEncoding = 4; lastKnownFileType = sourcecode.swift; path = FoundationExtension.swift; sourceTree = "<group>"; };
		29DADEF7244E0A3A0060628F /* StringExtension.swift */ = {isa = PBXFileReference; fileEncoding = 4; lastKnownFileType = sourcecode.swift; path = StringExtension.swift; sourceTree = "<group>"; };
		29DADEF8244E0A3A0060628F /* UIViewControllerExtensions.swift */ = {isa = PBXFileReference; fileEncoding = 4; lastKnownFileType = sourcecode.swift; path = UIViewControllerExtensions.swift; sourceTree = "<group>"; };
		29DADEFA244E0A3A0060628F /* ArrayExtension.swift */ = {isa = PBXFileReference; fileEncoding = 4; lastKnownFileType = sourcecode.swift; path = ArrayExtension.swift; sourceTree = "<group>"; };
		29DADF03244E0B580060628F /* unapproved-cross.json */ = {isa = PBXFileReference; fileEncoding = 4; lastKnownFileType = text.json; path = "unapproved-cross.json"; sourceTree = "<group>"; };
		29DADF04244E0B580060628F /* check-mark-success.json */ = {isa = PBXFileReference; fileEncoding = 4; lastKnownFileType = text.json; path = "check-mark-success.json"; sourceTree = "<group>"; };
		29DADF05244E0B580060628F /* sync-circle.json */ = {isa = PBXFileReference; fileEncoding = 4; lastKnownFileType = text.json; path = "sync-circle.json"; sourceTree = "<group>"; };
		29DADF0A244E0B5E0060628F /* JWTDecoder.swift */ = {isa = PBXFileReference; fileEncoding = 4; lastKnownFileType = sourcecode.swift; path = JWTDecoder.swift; sourceTree = "<group>"; };
		29DADF1D244E0C120060628F /* Dropdown.storyboard */ = {isa = PBXFileReference; fileEncoding = 4; lastKnownFileType = file.storyboard; path = Dropdown.storyboard; sourceTree = "<group>"; };
		29DADF1E244E0C120060628F /* Dropdown.swift */ = {isa = PBXFileReference; fileEncoding = 4; lastKnownFileType = sourcecode.swift; path = Dropdown.swift; sourceTree = "<group>"; };
		29DADF1F244E0C120060628F /* DropdownViewController.swift */ = {isa = PBXFileReference; fileEncoding = 4; lastKnownFileType = sourcecode.swift; path = DropdownViewController.swift; sourceTree = "<group>"; };
		29DADF20244E0C120060628F /* DropdownTableViewCell.xib */ = {isa = PBXFileReference; fileEncoding = 4; lastKnownFileType = file.xib; path = DropdownTableViewCell.xib; sourceTree = "<group>"; };
		29DADF21244E0C120060628F /* DropdownModel.swift */ = {isa = PBXFileReference; fileEncoding = 4; lastKnownFileType = sourcecode.swift; path = DropdownModel.swift; sourceTree = "<group>"; };
		29DADF22244E0C120060628F /* DropdownTableViewCell.swift */ = {isa = PBXFileReference; fileEncoding = 4; lastKnownFileType = sourcecode.swift; path = DropdownTableViewCell.swift; sourceTree = "<group>"; };
		29DADF25244E0C120060628F /* TableEmptyStateTableViewCell.swift */ = {isa = PBXFileReference; fileEncoding = 4; lastKnownFileType = sourcecode.swift; path = TableEmptyStateTableViewCell.swift; sourceTree = "<group>"; };
		29DADF26244E0C120060628F /* TableEmptyStateTableViewCell.xib */ = {isa = PBXFileReference; fileEncoding = 4; lastKnownFileType = file.xib; path = TableEmptyStateTableViewCell.xib; sourceTree = "<group>"; };
		29DADF27244E0C120060628F /* TableRowTableViewCell.xib */ = {isa = PBXFileReference; fileEncoding = 4; lastKnownFileType = file.xib; path = TableRowTableViewCell.xib; sourceTree = "<group>"; };
		29DADF28244E0C120060628F /* TableRowTableViewCell.swift */ = {isa = PBXFileReference; fileEncoding = 4; lastKnownFileType = sourcecode.swift; path = TableRowTableViewCell.swift; sourceTree = "<group>"; };
		29DADF29244E0C120060628F /* TableView.xib */ = {isa = PBXFileReference; fileEncoding = 4; lastKnownFileType = file.xib; path = TableView.xib; sourceTree = "<group>"; };
		29DADF2A244E0C120060628F /* Table.swift */ = {isa = PBXFileReference; fileEncoding = 4; lastKnownFileType = sourcecode.swift; path = Table.swift; sourceTree = "<group>"; };
		29DADF2B244E0C120060628F /* TableView.swift */ = {isa = PBXFileReference; fileEncoding = 4; lastKnownFileType = sourcecode.swift; path = TableView.swift; sourceTree = "<group>"; };
		29DADF2C244E0C120060628F /* TableViewModel.swift */ = {isa = PBXFileReference; fileEncoding = 4; lastKnownFileType = sourcecode.swift; path = TableViewModel.swift; sourceTree = "<group>"; };
		29DADF2D244E0C120060628F /* TestTableViewObject.swift */ = {isa = PBXFileReference; fileEncoding = 4; lastKnownFileType = sourcecode.swift; path = TestTableViewObject.swift; sourceTree = "<group>"; };
		29DADF2E244E0C120060628F /* Alert.swift */ = {isa = PBXFileReference; fileEncoding = 4; lastKnownFileType = sourcecode.swift; path = Alert.swift; sourceTree = "<group>"; };
		29DADF30244E0C120060628F /* Options.swift */ = {isa = PBXFileReference; fileEncoding = 4; lastKnownFileType = sourcecode.swift; path = Options.swift; sourceTree = "<group>"; };
		29DADF31244E0C120060628F /* Options.storyboard */ = {isa = PBXFileReference; fileEncoding = 4; lastKnownFileType = file.storyboard; path = Options.storyboard; sourceTree = "<group>"; };
		29DADF32244E0C120060628F /* OptionsTableViewCell.swift */ = {isa = PBXFileReference; fileEncoding = 4; lastKnownFileType = sourcecode.swift; path = OptionsTableViewCell.swift; sourceTree = "<group>"; };
		29DADF33244E0C120060628F /* OptionsTableViewCell.xib */ = {isa = PBXFileReference; fileEncoding = 4; lastKnownFileType = file.xib; path = OptionsTableViewCell.xib; sourceTree = "<group>"; };
		29DADF34244E0C120060628F /* PopoverSize.swift */ = {isa = PBXFileReference; fileEncoding = 4; lastKnownFileType = sourcecode.swift; path = PopoverSize.swift; sourceTree = "<group>"; };
		29DADF35244E0C120060628F /* OptionsViewController.swift */ = {isa = PBXFileReference; fileEncoding = 4; lastKnownFileType = sourcecode.swift; path = OptionsViewController.swift; sourceTree = "<group>"; };
		29DADF36244E0C120060628F /* OptionType.swift */ = {isa = PBXFileReference; fileEncoding = 4; lastKnownFileType = sourcecode.swift; path = OptionType.swift; sourceTree = "<group>"; };
		29DADF38244E0C120060628F /* BannerView.swift */ = {isa = PBXFileReference; fileEncoding = 4; lastKnownFileType = sourcecode.swift; path = BannerView.swift; sourceTree = "<group>"; };
		29DADF39244E0C120060628F /* Banner.swift */ = {isa = PBXFileReference; fileEncoding = 4; lastKnownFileType = sourcecode.swift; path = Banner.swift; sourceTree = "<group>"; };
		29DADF3A244E0C120060628F /* BannerView.xib */ = {isa = PBXFileReference; fileEncoding = 4; lastKnownFileType = file.xib; path = BannerView.xib; sourceTree = "<group>"; };
		29DADF3C244E0C120060628F /* PDFViewer.swift */ = {isa = PBXFileReference; fileEncoding = 4; lastKnownFileType = sourcecode.swift; path = PDFViewer.swift; sourceTree = "<group>"; };
		29DADF3D244E0C120060628F /* PDFViewer.xib */ = {isa = PBXFileReference; fileEncoding = 4; lastKnownFileType = file.xib; path = PDFViewer.xib; sourceTree = "<group>"; };
		29DADF3F244E0C130060628F /* Switcher.swift */ = {isa = PBXFileReference; fileEncoding = 4; lastKnownFileType = sourcecode.swift; path = Switcher.swift; sourceTree = "<group>"; };
		29DADF40244E0C130060628F /* SwitcherView.xib */ = {isa = PBXFileReference; fileEncoding = 4; lastKnownFileType = file.xib; path = SwitcherView.xib; sourceTree = "<group>"; };
		29DADF41244E0C130060628F /* SwitcherCollectionViewCell.xib */ = {isa = PBXFileReference; fileEncoding = 4; lastKnownFileType = file.xib; path = SwitcherCollectionViewCell.xib; sourceTree = "<group>"; };
		29DADF42244E0C130060628F /* SwitcherView.swift */ = {isa = PBXFileReference; fileEncoding = 4; lastKnownFileType = sourcecode.swift; path = SwitcherView.swift; sourceTree = "<group>"; };
		29DADF43244E0C130060628F /* SwitcherCollectionViewCell.swift */ = {isa = PBXFileReference; fileEncoding = 4; lastKnownFileType = sourcecode.swift; path = SwitcherCollectionViewCell.swift; sourceTree = "<group>"; };
		29DADF67244E148C0060628F /* StatusColor.swift */ = {isa = PBXFileReference; fileEncoding = 4; lastKnownFileType = sourcecode.swift; path = StatusColor.swift; sourceTree = "<group>"; };
		29DADF6A244E14B50060628F /* RealmRequests.swift */ = {isa = PBXFileReference; fileEncoding = 4; lastKnownFileType = sourcecode.swift; path = RealmRequests.swift; sourceTree = "<group>"; };
		29DADF6B244E14B50060628F /* BaseRealmObject.swift */ = {isa = PBXFileReference; fileEncoding = 4; lastKnownFileType = sourcecode.swift; path = BaseRealmObject.swift; sourceTree = "<group>"; };
		29DADF6F244E14FB0060628F /* KeycloakConstants.swift */ = {isa = PBXFileReference; fileEncoding = 4; lastKnownFileType = sourcecode.swift; path = KeycloakConstants.swift; sourceTree = "<group>"; };
		29DADF72244E15160060628F /* APIRequestProtocol.swift */ = {isa = PBXFileReference; lastKnownFileType = sourcecode.swift; path = APIRequestProtocol.swift; sourceTree = "<group>"; };
		29DADF74244E15F50060628F /* AppRemoteAPIConst.swift */ = {isa = PBXFileReference; fileEncoding = 4; lastKnownFileType = sourcecode.swift; path = AppRemoteAPIConst.swift; sourceTree = "<group>"; };
		29DADF78244E16F80060628F /* Notifications.swift */ = {isa = PBXFileReference; lastKnownFileType = sourcecode.swift; path = Notifications.swift; sourceTree = "<group>"; };
		29DADF7B244E173D0060628F /* BaseViewController.swift */ = {isa = PBXFileReference; fileEncoding = 4; lastKnownFileType = sourcecode.swift; path = BaseViewController.swift; sourceTree = "<group>"; };
		29DADF7E244E1E200060628F /* TimePicker.swift */ = {isa = PBXFileReference; fileEncoding = 4; lastKnownFileType = sourcecode.swift; path = TimePicker.swift; sourceTree = "<group>"; };
		29DADF7F244E1E200060628F /* TimePicker.storyboard */ = {isa = PBXFileReference; fileEncoding = 4; lastKnownFileType = file.storyboard; path = TimePicker.storyboard; sourceTree = "<group>"; };
		29DADF80244E1E200060628F /* TimePickerViewController.swift */ = {isa = PBXFileReference; fileEncoding = 4; lastKnownFileType = sourcecode.swift; path = TimePickerViewController.swift; sourceTree = "<group>"; };
		29DADF85244E1FF70060628F /* AuthenticationService.swift */ = {isa = PBXFileReference; fileEncoding = 4; lastKnownFileType = sourcecode.swift; name = AuthenticationService.swift; path = InvasivesBC/Services/AuthenticationService.swift; sourceTree = SOURCE_ROOT; };
		29DADF88244E206B0060628F /* APIService.swift */ = {isa = PBXFileReference; lastKnownFileType = sourcecode.swift; path = APIService.swift; sourceTree = "<group>"; };
		29DADF8B244E3CF30060628F /* LoginViewController.swift */ = {isa = PBXFileReference; lastKnownFileType = sourcecode.swift; path = LoginViewController.swift; sourceTree = "<group>"; };
		29DADF8F244E3D870060628F /* Settings.swift */ = {isa = PBXFileReference; fileEncoding = 4; lastKnownFileType = sourcecode.swift; name = Settings.swift; path = ../../../Services/Settings/Settings.swift; sourceTree = "<group>"; };
		29DADF91244E3D870060628F /* SettingsModel.swift */ = {isa = PBXFileReference; fileEncoding = 4; lastKnownFileType = sourcecode.swift; path = SettingsModel.swift; sourceTree = "<group>"; };
		29DADF95244E3E7A0060628F /* AccessService.swift */ = {isa = PBXFileReference; lastKnownFileType = sourcecode.swift; path = AccessService.swift; sourceTree = "<group>"; };
		29DADF98244E3F560060628F /* UserService.swift */ = {isa = PBXFileReference; lastKnownFileType = sourcecode.swift; path = UserService.swift; sourceTree = "<group>"; };
		29DADF9B244F75AD0060628F /* SyncService.swift */ = {isa = PBXFileReference; lastKnownFileType = sourcecode.swift; path = SyncService.swift; sourceTree = "<group>"; };
		29DADF9E244F7AD60060628F /* AwaitingAccessResponse.xib */ = {isa = PBXFileReference; fileEncoding = 4; lastKnownFileType = file.xib; path = AwaitingAccessResponse.xib; sourceTree = "<group>"; };
		29DADF9F244F7AD60060628F /* AwaitingAccessResponse.swift */ = {isa = PBXFileReference; fileEncoding = 4; lastKnownFileType = sourcecode.swift; path = AwaitingAccessResponse.swift; sourceTree = "<group>"; };
		29DADFA2244F80D60060628F /* UserRoleModel.swift */ = {isa = PBXFileReference; lastKnownFileType = sourcecode.swift; path = UserRoleModel.swift; sourceTree = "<group>"; };
		29DADFA4244F84F10060628F /* UserModel.swift */ = {isa = PBXFileReference; lastKnownFileType = sourcecode.swift; path = UserModel.swift; sourceTree = "<group>"; };
		29DADFA7244F9F390060628F /* ViewControllerAuthentication.swift */ = {isa = PBXFileReference; lastKnownFileType = sourcecode.swift; path = ViewControllerAuthentication.swift; sourceTree = "<group>"; };
		3AE8B657A1C7FEF99FD825DC /* Pods-InvasivesBCTests.debug.xcconfig */ = {isa = PBXFileReference; includeInIndex = 1; lastKnownFileType = text.xcconfig; name = "Pods-InvasivesBCTests.debug.xcconfig"; path = "Target Support Files/Pods-InvasivesBCTests/Pods-InvasivesBCTests.debug.xcconfig"; sourceTree = "<group>"; };
		3D4C207FA6A9E731E1565C66 /* Pods_InvasivesBC.framework */ = {isa = PBXFileReference; explicitFileType = wrapper.framework; includeInIndex = 0; path = Pods_InvasivesBC.framework; sourceTree = BUILT_PRODUCTS_DIR; };
		54F2BB66A64CD65C38EA225C /* Pods-InvasivesBC.release.xcconfig */ = {isa = PBXFileReference; includeInIndex = 1; lastKnownFileType = text.xcconfig; name = "Pods-InvasivesBC.release.xcconfig"; path = "Target Support Files/Pods-InvasivesBC/Pods-InvasivesBC.release.xcconfig"; sourceTree = "<group>"; };
		5BC95AEA308A2AF7F852FEFE /* Pods_InvasivesBCTests.framework */ = {isa = PBXFileReference; explicitFileType = wrapper.framework; includeInIndex = 0; path = Pods_InvasivesBCTests.framework; sourceTree = BUILT_PRODUCTS_DIR; };
		5C64708B243CC52F0013720E /* DynamicValue.swift */ = {isa = PBXFileReference; lastKnownFileType = sourcecode.swift; path = DynamicValue.swift; sourceTree = "<group>"; };
		5C64708D243CCBF20013720E /* DynamicValueTest.swift */ = {isa = PBXFileReference; lastKnownFileType = sourcecode.swift; path = DynamicValueTest.swift; sourceTree = "<group>"; };
		5C64708F243CDB630013720E /* FieldModels.swift */ = {isa = PBXFileReference; lastKnownFileType = sourcecode.swift; path = FieldModels.swift; sourceTree = "<group>"; };
		5C647091243D0A190013720E /* Time.swift */ = {isa = PBXFileReference; lastKnownFileType = sourcecode.swift; path = Time.swift; sourceTree = "<group>"; };
		5C647093243D17B70013720E /* FieldModelTest.swift */ = {isa = PBXFileReference; lastKnownFileType = sourcecode.swift; path = FieldModelTest.swift; sourceTree = "<group>"; };
		5C647097243D20E70013720E /* BaseFieldCell.swift */ = {isa = PBXFileReference; lastKnownFileType = sourcecode.swift; path = BaseFieldCell.swift; sourceTree = "<group>"; };
		5C718443243B88D300BF131C /* .gitignore */ = {isa = PBXFileReference; fileEncoding = 4; lastKnownFileType = text; path = .gitignore; sourceTree = "<group>"; };
		5C718447243B892A00BF131C /* InvasivesBC-Bridging-Header.h */ = {isa = PBXFileReference; lastKnownFileType = sourcecode.c.h; path = "InvasivesBC-Bridging-Header.h"; sourceTree = "<group>"; };
		5C718448243B892A00BF131C /* UtilityObjC.m */ = {isa = PBXFileReference; fileEncoding = 4; lastKnownFileType = sourcecode.c.objc; path = UtilityObjC.m; sourceTree = "<group>"; };
		5C718449243B892A00BF131C /* UtilityObjC.h */ = {isa = PBXFileReference; fileEncoding = 4; lastKnownFileType = sourcecode.c.h; path = UtilityObjC.h; sourceTree = "<group>"; };
		5C71844B243B896600BF131C /* FoundationExtension.swift */ = {isa = PBXFileReference; fileEncoding = 4; lastKnownFileType = sourcecode.swift; path = FoundationExtension.swift; sourceTree = "<group>"; };
		5C71844C243B896600BF131C /* ApplicationLogger.swift */ = {isa = PBXFileReference; fileEncoding = 4; lastKnownFileType = sourcecode.swift; path = ApplicationLogger.swift; sourceTree = "<group>"; };
		5C71844D243B896600BF131C /* GenericConst.swift */ = {isa = PBXFileReference; fileEncoding = 4; lastKnownFileType = sourcecode.swift; path = GenericConst.swift; sourceTree = "<group>"; };
		5C71844E243B896600BF131C /* Promise.swift */ = {isa = PBXFileReference; fileEncoding = 4; lastKnownFileType = sourcecode.swift; path = Promise.swift; sourceTree = "<group>"; };
		5C71844F243B896600BF131C /* ApplicationErrorConst.swift */ = {isa = PBXFileReference; fileEncoding = 4; lastKnownFileType = sourcecode.swift; path = ApplicationErrorConst.swift; sourceTree = "<group>"; };
		5CA312952444A1660005AC75 /* Validator.swift */ = {isa = PBXFileReference; lastKnownFileType = sourcecode.swift; path = Validator.swift; sourceTree = "<group>"; };
		5CA312972444C5130005AC75 /* FieldGroupModels.swift */ = {isa = PBXFileReference; lastKnownFileType = sourcecode.swift; path = FieldGroupModels.swift; sourceTree = "<group>"; };
		5CA6E05924474F8900774A28 /* BaseObject.swift */ = {isa = PBXFileReference; lastKnownFileType = sourcecode.swift; path = BaseObject.swift; sourceTree = "<group>"; };
		5CA6E06A24475A2400774A28 /* BaseObjectExtension.swift */ = {isa = PBXFileReference; lastKnownFileType = sourcecode.swift; path = BaseObjectExtension.swift; sourceTree = "<group>"; };
		5CA6E06E24475DC900774A28 /* User.swift */ = {isa = PBXFileReference; lastKnownFileType = sourcecode.swift; path = User.swift; sourceTree = "<group>"; };
		5CA6E07024475EC300774A28 /* UserExtension.swift */ = {isa = PBXFileReference; lastKnownFileType = sourcecode.swift; path = UserExtension.swift; sourceTree = "<group>"; };
		5CA6E07224475F2100774A28 /* UserModelTest.swift */ = {isa = PBXFileReference; lastKnownFileType = sourcecode.swift; path = UserModelTest.swift; sourceTree = "<group>"; };
		5CAE6025243E14A100E4744E /* Colors.swift */ = {isa = PBXFileReference; fileEncoding = 4; lastKnownFileType = sourcecode.swift; path = Colors.swift; sourceTree = "<group>"; };
		5CAE6026243E14A100E4744E /* Theme.swift */ = {isa = PBXFileReference; fileEncoding = 4; lastKnownFileType = sourcecode.swift; path = Theme.swift; sourceTree = "<group>"; };
		5CAE6027243E14A100E4744E /* Fonts.swift */ = {isa = PBXFileReference; fileEncoding = 4; lastKnownFileType = sourcecode.swift; path = Fonts.swift; sourceTree = "<group>"; };
		5CAE6028243E14A100E4744E /* GradiantView.swift */ = {isa = PBXFileReference; fileEncoding = 4; lastKnownFileType = sourcecode.swift; path = GradiantView.swift; sourceTree = "<group>"; };
		5CAE602D243E166F00E4744E /* StringConstants.swift */ = {isa = PBXFileReference; fileEncoding = 4; lastKnownFileType = sourcecode.swift; path = StringConstants.swift; sourceTree = "<group>"; };
		5CAE602F243E16DB00E4744E /* SettingsConstants.swift */ = {isa = PBXFileReference; fileEncoding = 4; lastKnownFileType = sourcecode.swift; path = SettingsConstants.swift; sourceTree = "<group>"; };
		5CAE6032243E182B00E4744E /* FieldGroup.swift */ = {isa = PBXFileReference; lastKnownFileType = sourcecode.swift; path = FieldGroup.swift; sourceTree = "<group>"; };
		5CAE6034243E2D2B00E4744E /* FieldGroup+CollectionView.swift */ = {isa = PBXFileReference; lastKnownFileType = sourcecode.swift; path = "FieldGroup+CollectionView.swift"; sourceTree = "<group>"; };
		5CAE6038243E2E4F00E4744E /* TextFieldCollectionViewCell.xib */ = {isa = PBXFileReference; fileEncoding = 4; lastKnownFileType = file.xib; path = TextFieldCollectionViewCell.xib; sourceTree = "<group>"; };
		5CAE6039243E2E4F00E4744E /* TextFieldCollectionViewCell.swift */ = {isa = PBXFileReference; fileEncoding = 4; lastKnownFileType = sourcecode.swift; path = TextFieldCollectionViewCell.swift; sourceTree = "<group>"; };
		5CAE603E243E55D100E4744E /* FieldCellTests.swift */ = {isa = PBXFileReference; lastKnownFileType = sourcecode.swift; path = FieldCellTests.swift; sourceTree = "<group>"; };
		5CAE6041243E5E4000E4744E /* TextAreaFieldCollectionViewCell.xib */ = {isa = PBXFileReference; fileEncoding = 4; lastKnownFileType = file.xib; path = TextAreaFieldCollectionViewCell.xib; sourceTree = "<group>"; };
		5CAE6042243E5E4000E4744E /* TextAreaFieldCollectionViewCell.swift */ = {isa = PBXFileReference; fileEncoding = 4; lastKnownFileType = sourcecode.swift; path = TextAreaFieldCollectionViewCell.swift; sourceTree = "<group>"; };
		5CAE6046243E67BB00E4744E /* SwitchFieldCollectionViewCell.swift */ = {isa = PBXFileReference; fileEncoding = 4; lastKnownFileType = sourcecode.swift; path = SwitchFieldCollectionViewCell.swift; sourceTree = "<group>"; };
		5CAE6047243E67BB00E4744E /* SwitchFieldCollectionViewCell.xib */ = {isa = PBXFileReference; fileEncoding = 4; lastKnownFileType = file.xib; path = SwitchFieldCollectionViewCell.xib; sourceTree = "<group>"; };
		5CAE604B243E6E6500E4744E /* DateFieldCollectionViewCell.xib */ = {isa = PBXFileReference; fileEncoding = 4; lastKnownFileType = file.xib; path = DateFieldCollectionViewCell.xib; sourceTree = "<group>"; };
		5CAE604C243E6E6500E4744E /* DateFieldCollectionViewCell.swift */ = {isa = PBXFileReference; fileEncoding = 4; lastKnownFileType = sourcecode.swift; path = DateFieldCollectionViewCell.swift; sourceTree = "<group>"; };
		5CAE604F243F8D9800E4744E /* FieldGroupTests.swift */ = {isa = PBXFileReference; lastKnownFileType = sourcecode.swift; path = FieldGroupTests.swift; sourceTree = "<group>"; };
		D7FBA663E9B29797DC3DFE8D /* Pods-InvasivesBCTests.release.xcconfig */ = {isa = PBXFileReference; includeInIndex = 1; lastKnownFileType = text.xcconfig; name = "Pods-InvasivesBCTests.release.xcconfig"; path = "Target Support Files/Pods-InvasivesBCTests/Pods-InvasivesBCTests.release.xcconfig"; sourceTree = "<group>"; };
		F82DAD2914D8DA07F6141680 /* Pods-InvasivesBC.debug.xcconfig */ = {isa = PBXFileReference; includeInIndex = 1; lastKnownFileType = text.xcconfig; name = "Pods-InvasivesBC.debug.xcconfig"; path = "Target Support Files/Pods-InvasivesBC/Pods-InvasivesBC.debug.xcconfig"; sourceTree = "<group>"; };
/* End PBXFileReference section */

/* Begin PBXFrameworksBuildPhase section */
		2944BD062437DD7200826F48 /* Frameworks */ = {
			isa = PBXFrameworksBuildPhase;
			buildActionMask = 2147483647;
			files = (
				D7658CBF16D2EBA8CA95964B /* Pods_InvasivesBC.framework in Frameworks */,
			);
			runOnlyForDeploymentPostprocessing = 0;
		};
		2944BD1C2437DD7500826F48 /* Frameworks */ = {
			isa = PBXFrameworksBuildPhase;
			buildActionMask = 2147483647;
			files = (
				18428A1DC25E225B2A31DF97 /* Pods_InvasivesBCTests.framework in Frameworks */,
			);
			runOnlyForDeploymentPostprocessing = 0;
		};
/* End PBXFrameworksBuildPhase section */

/* Begin PBXGroup section */
		09AA3D6CF77E586C19FC3C6A /* Frameworks */ = {
			isa = PBXGroup;
			children = (
				3D4C207FA6A9E731E1565C66 /* Pods_InvasivesBC.framework */,
				5BC95AEA308A2AF7F852FEFE /* Pods_InvasivesBCTests.framework */,
			);
			name = Frameworks;
			sourceTree = "<group>";
		};
		2944BD002437DD7200826F48 = {
			isa = PBXGroup;
			children = (
				5C718443243B88D300BF131C /* .gitignore */,
				2944BD0B2437DD7200826F48 /* InvasivesBC */,
				2944BD222437DD7500826F48 /* InvasivesBCTests */,
				2944BD0A2437DD7200826F48 /* Products */,
				5523EDA1FB016977B69CFAF9 /* Pods */,
				09AA3D6CF77E586C19FC3C6A /* Frameworks */,
			);
			sourceTree = "<group>";
		};
		2944BD0A2437DD7200826F48 /* Products */ = {
			isa = PBXGroup;
			children = (
				2944BD092437DD7200826F48 /* InvasivesBC.app */,
				2944BD1F2437DD7500826F48 /* InvasivesBCTests.xctest */,
			);
			name = Products;
			sourceTree = "<group>";
		};
		2944BD0B2437DD7200826F48 /* InvasivesBC */ = {
			isa = PBXGroup;
			children = (
				2944BD122437DD7200826F48 /* Main.storyboard */,
				29DADF65244E14480060628F /* ViewControllers */,
				29DADEF5244E095E0060628F /* Views */,
				5CA6E05724474ED200774A28 /* DataModels */,
				5C647089243CBF510013720E /* Form Framework */,
				5C718445243B890300BF131C /* Generic Core */,
				29DADF84244E1FCB0060628F /* Services */,
				29DADF66244E14650060628F /* Utilities */,
				29DADF6E244E14D80060628F /* Constants */,
				2944BD0C2437DD7200826F48 /* AppDelegate.swift */,
				2944BD0E2437DD7200826F48 /* SceneDelegate.swift */,
				2944BD152437DD7500826F48 /* Assets.xcassets */,
				2944BD172437DD7500826F48 /* LaunchScreen.storyboard */,
				2944BD1A2437DD7500826F48 /* Info.plist */,
			);
			path = InvasivesBC;
			sourceTree = "<group>";
		};
		2944BD222437DD7500826F48 /* InvasivesBCTests */ = {
			isa = PBXGroup;
			children = (
				29B1E5CA2446524800C44C78 /* LocationServicesTests.swift */,
				2944BD232437DD7500826F48 /* InvasivesBCTests.swift */,
				2944BD252437DD7500826F48 /* Info.plist */,
				5C64708D243CCBF20013720E /* DynamicValueTest.swift */,
				5C647093243D17B70013720E /* FieldModelTest.swift */,
				5CAE603E243E55D100E4744E /* FieldCellTests.swift */,
				5CAE604F243F8D9800E4744E /* FieldGroupTests.swift */,
				5CA6E07224475F2100774A28 /* UserModelTest.swift */,
			);
			path = InvasivesBCTests;
			sourceTree = "<group>";
		};
		29B1E5B72446522A00C44C78 /* LocationServices */ = {
			isa = PBXGroup;
			children = (
				29B1E5B82446522A00C44C78 /* LocationServices.swift */,
				29B1E5B92446522A00C44C78 /* Models */,
				29B1E5BD2446522A00C44C78 /* DataFiles */,
			);
			name = LocationServices;
			path = InvasivesBC/Constants/Services/LocationServices;
			sourceTree = SOURCE_ROOT;
		};
		29B1E5B92446522A00C44C78 /* Models */ = {
			isa = PBXGroup;
			children = (
				29B1E5BA2446522A00C44C78 /* AlbersCoordinate.swift */,
				29B1E5BB2446522A00C44C78 /* UTMCoordinate.swift */,
				29B1E5BC2446522A00C44C78 /* HexLocation.swift */,
				29B1E5D02447811500C44C78 /* HexRule.swift */,
			);
			path = Models;
			sourceTree = "<group>";
		};
		29B1E5BD2446522A00C44C78 /* DataFiles */ = {
			isa = PBXGroup;
			children = (
				29B1E5BE2446522A00C44C78 /* bcAlbersBoundry.json */,
				29B1E5BF2446522A00C44C78 /* hexRules.json */,
				29B1E5C02446522A00C44C78 /* insideOutsideTest.json */,
				29B1E5C12446522A00C44C78 /* bcHexTest.json */,
			);
			path = DataFiles;
			sourceTree = "<group>";
		};
		29DADEF5244E095E0060628F /* Views */ = {
			isa = PBXGroup;
			children = (
				29DADF9D244F7AD60060628F /* AwaitingAccessResponse */,
				29DADF7D244E1E200060628F /* Time Picker */,
				29DADF2E244E0C120060628F /* Alert.swift */,
				29DADF37244E0C120060628F /* Banner */,
				29DADF1C244E0C120060628F /* Dropdown */,
				29DADF2F244E0C120060628F /* Options */,
				29DADF3B244E0C120060628F /* PDFViewer */,
				29DADF3E244E0C130060628F /* Switcher */,
				29DADF23244E0C120060628F /* Table */,
			);
			path = Views;
			sourceTree = "<group>";
		};
		29DADF02244E0B580060628F /* LottieAnimations */ = {
			isa = PBXGroup;
			children = (
				29DADF03244E0B580060628F /* unapproved-cross.json */,
				29DADF04244E0B580060628F /* check-mark-success.json */,
				29DADF05244E0B580060628F /* sync-circle.json */,
			);
			path = LottieAnimations;
			sourceTree = "<group>";
		};
		29DADF09244E0B5E0060628F /* JWT Decoder */ = {
			isa = PBXGroup;
			children = (
				29DADF0A244E0B5E0060628F /* JWTDecoder.swift */,
			);
			path = "JWT Decoder";
			sourceTree = "<group>";
		};
		29DADF1C244E0C120060628F /* Dropdown */ = {
			isa = PBXGroup;
			children = (
				29DADF1D244E0C120060628F /* Dropdown.storyboard */,
				29DADF1E244E0C120060628F /* Dropdown.swift */,
				29DADF1F244E0C120060628F /* DropdownViewController.swift */,
				29DADF20244E0C120060628F /* DropdownTableViewCell.xib */,
				29DADF21244E0C120060628F /* DropdownModel.swift */,
				29DADF22244E0C120060628F /* DropdownTableViewCell.swift */,
			);
			path = Dropdown;
			sourceTree = "<group>";
		};
		29DADF23244E0C120060628F /* Table */ = {
			isa = PBXGroup;
			children = (
				29DADF24244E0C120060628F /* Cells */,
				29DADF29244E0C120060628F /* TableView.xib */,
				29DADF2A244E0C120060628F /* Table.swift */,
				29DADF2B244E0C120060628F /* TableView.swift */,
				29DADF2C244E0C120060628F /* TableViewModel.swift */,
				29DADF2D244E0C120060628F /* TestTableViewObject.swift */,
			);
			path = Table;
			sourceTree = "<group>";
		};
		29DADF24244E0C120060628F /* Cells */ = {
			isa = PBXGroup;
			children = (
				29DADF25244E0C120060628F /* TableEmptyStateTableViewCell.swift */,
				29DADF26244E0C120060628F /* TableEmptyStateTableViewCell.xib */,
				29DADF27244E0C120060628F /* TableRowTableViewCell.xib */,
				29DADF28244E0C120060628F /* TableRowTableViewCell.swift */,
			);
			path = Cells;
			sourceTree = "<group>";
		};
		29DADF2F244E0C120060628F /* Options */ = {
			isa = PBXGroup;
			children = (
				29DADF30244E0C120060628F /* Options.swift */,
				29DADF31244E0C120060628F /* Options.storyboard */,
				29DADF32244E0C120060628F /* OptionsTableViewCell.swift */,
				29DADF33244E0C120060628F /* OptionsTableViewCell.xib */,
				29DADF34244E0C120060628F /* PopoverSize.swift */,
				29DADF35244E0C120060628F /* OptionsViewController.swift */,
				29DADF36244E0C120060628F /* OptionType.swift */,
			);
			path = Options;
			sourceTree = "<group>";
		};
		29DADF37244E0C120060628F /* Banner */ = {
			isa = PBXGroup;
			children = (
				29DADF38244E0C120060628F /* BannerView.swift */,
				29DADF39244E0C120060628F /* Banner.swift */,
				29DADF3A244E0C120060628F /* BannerView.xib */,
			);
			path = Banner;
			sourceTree = "<group>";
		};
		29DADF3B244E0C120060628F /* PDFViewer */ = {
			isa = PBXGroup;
			children = (
				29DADF3C244E0C120060628F /* PDFViewer.swift */,
				29DADF3D244E0C120060628F /* PDFViewer.xib */,
			);
			path = PDFViewer;
			sourceTree = "<group>";
		};
		29DADF3E244E0C130060628F /* Switcher */ = {
			isa = PBXGroup;
			children = (
				29DADF3F244E0C130060628F /* Switcher.swift */,
				29DADF40244E0C130060628F /* SwitcherView.xib */,
				29DADF41244E0C130060628F /* SwitcherCollectionViewCell.xib */,
				29DADF42244E0C130060628F /* SwitcherView.swift */,
				29DADF43244E0C130060628F /* SwitcherCollectionViewCell.swift */,
			);
			path = Switcher;
			sourceTree = "<group>";
		};
		29DADF65244E14480060628F /* ViewControllers */ = {
			isa = PBXGroup;
			children = (
				29DADF7B244E173D0060628F /* BaseViewController.swift */,
				29DADFA6244F9F1E0060628F /* Home */,
				29DADF8A244E3CDC0060628F /* Login */,
			);
			path = ViewControllers;
			sourceTree = "<group>";
		};
		29DADF66244E14650060628F /* Utilities */ = {
			isa = PBXGroup;
			children = (
				29DADF77244E16E00060628F /* Status Color */,
				29DADF76244E16D60060628F /* Notification */,
			);
			path = Utilities;
			sourceTree = "<group>";
		};
		29DADF69244E14B50060628F /* Realm */ = {
			isa = PBXGroup;
			children = (
				29DADF6A244E14B50060628F /* RealmRequests.swift */,
				29DADF6B244E14B50060628F /* BaseRealmObject.swift */,
			);
			path = Realm;
			sourceTree = "<group>";
		};
		29DADF6E244E14D80060628F /* Constants */ = {
			isa = PBXGroup;
			children = (
				29DADF74244E15F50060628F /* AppRemoteAPIConst.swift */,
				29DADF6F244E14FB0060628F /* KeycloakConstants.swift */,
			);
			path = Constants;
			sourceTree = "<group>";
		};
		29DADF71244E15000060628F /* API */ = {
			isa = PBXGroup;
			children = (
				29DADF72244E15160060628F /* APIRequestProtocol.swift */,
				29DADF88244E206B0060628F /* APIService.swift */,
			);
			path = API;
			sourceTree = "<group>";
		};
		29DADF76244E16D60060628F /* Notification */ = {
			isa = PBXGroup;
			children = (
				29DADF78244E16F80060628F /* Notifications.swift */,
			);
			path = Notification;
			sourceTree = "<group>";
		};
		29DADF77244E16E00060628F /* Status Color */ = {
			isa = PBXGroup;
			children = (
				29DADF67244E148C0060628F /* StatusColor.swift */,
			);
			path = "Status Color";
			sourceTree = "<group>";
		};
		29DADF7D244E1E200060628F /* Time Picker */ = {
			isa = PBXGroup;
			children = (
				29DADF7E244E1E200060628F /* TimePicker.swift */,
				29DADF7F244E1E200060628F /* TimePicker.storyboard */,
				29DADF80244E1E200060628F /* TimePickerViewController.swift */,
			);
			path = "Time Picker";
			sourceTree = "<group>";
		};
		29DADF84244E1FCB0060628F /* Services */ = {
			isa = PBXGroup;
			children = (
				29DADF9A244F759E0060628F /* Sync */,
				29B1E5B72446522A00C44C78 /* LocationServices */,
				29DADF97244E3F470060628F /* User */,
				29DADF94244E3E650060628F /* Access */,
				29DADF8D244E3D410060628F /* App Settings */,
				29DADF71244E15000060628F /* API */,
				29DADF87244E20580060628F /* Authentication */,
			);
			name = Services;
			path = Constants/Services;
			sourceTree = "<group>";
		};
		29DADF87244E20580060628F /* Authentication */ = {
			isa = PBXGroup;
			children = (
				29DADF85244E1FF70060628F /* AuthenticationService.swift */,
			);
			path = Authentication;
			sourceTree = "<group>";
		};
		29DADF8A244E3CDC0060628F /* Login */ = {
			isa = PBXGroup;
			children = (
				29DADF8B244E3CF30060628F /* LoginViewController.swift */,
			);
			path = Login;
			sourceTree = "<group>";
		};
		29DADF8D244E3D410060628F /* App Settings */ = {
			isa = PBXGroup;
			children = (
				29DADF90244E3D870060628F /* Model */,
				29DADF8F244E3D870060628F /* Settings.swift */,
			);
			path = "App Settings";
			sourceTree = "<group>";
		};
		29DADF90244E3D870060628F /* Model */ = {
			isa = PBXGroup;
			children = (
				29DADF91244E3D870060628F /* SettingsModel.swift */,
			);
			path = Model;
			sourceTree = "<group>";
		};
		29DADF94244E3E650060628F /* Access */ = {
			isa = PBXGroup;
			children = (
				29DADF95244E3E7A0060628F /* AccessService.swift */,
			);
			path = Access;
			sourceTree = "<group>";
		};
		29DADF97244E3F470060628F /* User */ = {
			isa = PBXGroup;
			children = (
				29DADF98244E3F560060628F /* UserService.swift */,
			);
			path = User;
			sourceTree = "<group>";
		};
		29DADF9A244F759E0060628F /* Sync */ = {
			isa = PBXGroup;
			children = (
				29DADF9B244F75AD0060628F /* SyncService.swift */,
			);
			path = Sync;
			sourceTree = "<group>";
		};
		29DADF9D244F7AD60060628F /* AwaitingAccessResponse */ = {
			isa = PBXGroup;
			children = (
				29DADF9E244F7AD60060628F /* AwaitingAccessResponse.xib */,
				29DADF9F244F7AD60060628F /* AwaitingAccessResponse.swift */,
			);
			path = AwaitingAccessResponse;
			sourceTree = "<group>";
		};
		29DADFA6244F9F1E0060628F /* Home */ = {
			isa = PBXGroup;
			children = (
				2944BD102437DD7200826F48 /* ViewController.swift */,
				29DADFA7244F9F390060628F /* ViewControllerAuthentication.swift */,
			);
			path = Home;
			sourceTree = "<group>";
		};
		5523EDA1FB016977B69CFAF9 /* Pods */ = {
			isa = PBXGroup;
			children = (
				F82DAD2914D8DA07F6141680 /* Pods-InvasivesBC.debug.xcconfig */,
				54F2BB66A64CD65C38EA225C /* Pods-InvasivesBC.release.xcconfig */,
				3AE8B657A1C7FEF99FD825DC /* Pods-InvasivesBCTests.debug.xcconfig */,
				D7FBA663E9B29797DC3DFE8D /* Pods-InvasivesBCTests.release.xcconfig */,
			);
			path = Pods;
			sourceTree = "<group>";
		};
		5C647089243CBF510013720E /* Form Framework */ = {
			isa = PBXGroup;
			children = (
				5CAE6036243E2E1200E4744E /* Shared Cells */,
				5C64708A243CC50F0013720E /* Core */,
			);
			path = "Form Framework";
			sourceTree = "<group>";
		};
		5C64708A243CC50F0013720E /* Core */ = {
			isa = PBXGroup;
			children = (
				5CAE6031243E180700E4744E /* FieldGroup */,
				5C647096243D1EC00013720E /* BaseCell */,
				5C647095243D1E8E0013720E /* Models */,
			);
			path = Core;
			sourceTree = "<group>";
		};
		5C647095243D1E8E0013720E /* Models */ = {
			isa = PBXGroup;
			children = (
				5C64708B243CC52F0013720E /* DynamicValue.swift */,
				5C64708F243CDB630013720E /* FieldModels.swift */,
				5C647091243D0A190013720E /* Time.swift */,
				5CA312952444A1660005AC75 /* Validator.swift */,
				5CA312972444C5130005AC75 /* FieldGroupModels.swift */,
			);
			path = Models;
			sourceTree = "<group>";
		};
		5C647096243D1EC00013720E /* BaseCell */ = {
			isa = PBXGroup;
			children = (
				5C647097243D20E70013720E /* BaseFieldCell.swift */,
			);
			path = BaseCell;
			sourceTree = "<group>";
		};
		5C718445243B890300BF131C /* Generic Core */ = {
			isa = PBXGroup;
			children = (
				29DADF69244E14B50060628F /* Realm */,
				29DADF09244E0B5E0060628F /* JWT Decoder */,
				29DADF02244E0B580060628F /* LottieAnimations */,
				5CAE6024243E148E00E4744E /* Theme */,
				5C71845A243BAEE600BF131C /* Promise */,
				5C718459243BAEC700BF131C /* Extensions */,
				5C718458243BAEB200BF131C /* Logger */,
				5C718457243BAE9C00BF131C /* Const */,
				5C718446243B891200BF131C /* ObjC */,
			);
			path = "Generic Core";
			sourceTree = "<group>";
		};
		5C718446243B891200BF131C /* ObjC */ = {
			isa = PBXGroup;
			children = (
				5C718449243B892A00BF131C /* UtilityObjC.h */,
				5C718448243B892A00BF131C /* UtilityObjC.m */,
				5C718447243B892A00BF131C /* InvasivesBC-Bridging-Header.h */,
			);
			path = ObjC;
			sourceTree = "<group>";
		};
		5C718457243BAE9C00BF131C /* Const */ = {
			isa = PBXGroup;
			children = (
				5CAE602F243E16DB00E4744E /* SettingsConstants.swift */,
				5CAE602D243E166F00E4744E /* StringConstants.swift */,
				5C71844F243B896600BF131C /* ApplicationErrorConst.swift */,
				5C71844D243B896600BF131C /* GenericConst.swift */,
			);
			path = Const;
			sourceTree = "<group>";
		};
		5C718458243BAEB200BF131C /* Logger */ = {
			isa = PBXGroup;
			children = (
				5C71844C243B896600BF131C /* ApplicationLogger.swift */,
			);
			path = Logger;
			sourceTree = "<group>";
		};
		5C718459243BAEC700BF131C /* Extensions */ = {
			isa = PBXGroup;
			children = (
				29DADEFA244E0A3A0060628F /* ArrayExtension.swift */,
				29DADEF6244E0A3A0060628F /* FoundationExtension.swift */,
				29DADEF7244E0A3A0060628F /* StringExtension.swift */,
				29DADEF8244E0A3A0060628F /* UIViewControllerExtensions.swift */,
				5C71844B243B896600BF131C /* FoundationExtension.swift */,
			);
			path = Extensions;
			sourceTree = "<group>";
		};
		5C71845A243BAEE600BF131C /* Promise */ = {
			isa = PBXGroup;
			children = (
				5C71844E243B896600BF131C /* Promise.swift */,
			);
			path = Promise;
			sourceTree = "<group>";
		};
		5CA6E05724474ED200774A28 /* DataModels */ = {
			isa = PBXGroup;
			children = (
				5CA6E06D24475DB500774A28 /* Account */,
				5CA6E05824474F1000774A28 /* BaseModel */,
			);
			path = DataModels;
			sourceTree = "<group>";
		};
		5CA6E05824474F1000774A28 /* BaseModel */ = {
			isa = PBXGroup;
			children = (
				5CA6E05924474F8900774A28 /* BaseObject.swift */,
				5CA6E06A24475A2400774A28 /* BaseObjectExtension.swift */,
			);
			path = BaseModel;
			sourceTree = "<group>";
		};
		5CA6E06D24475DB500774A28 /* Account */ = {
			isa = PBXGroup;
			children = (
				5CA6E06E24475DC900774A28 /* User.swift */,
				5CA6E07024475EC300774A28 /* UserExtension.swift */,
				29DADFA2244F80D60060628F /* UserRoleModel.swift */,
				29DADFA4244F84F10060628F /* UserModel.swift */,
			);
			path = Account;
			sourceTree = "<group>";
		};
		5CAE6024243E148E00E4744E /* Theme */ = {
			isa = PBXGroup;
			children = (
				5CAE6025243E14A100E4744E /* Colors.swift */,
				5CAE6027243E14A100E4744E /* Fonts.swift */,
				5CAE6028243E14A100E4744E /* GradiantView.swift */,
				5CAE6026243E14A100E4744E /* Theme.swift */,
			);
			path = Theme;
			sourceTree = "<group>";
		};
		5CAE6031243E180700E4744E /* FieldGroup */ = {
			isa = PBXGroup;
			children = (
				5CAE6032243E182B00E4744E /* FieldGroup.swift */,
				5CAE6034243E2D2B00E4744E /* FieldGroup+CollectionView.swift */,
			);
			path = FieldGroup;
			sourceTree = "<group>";
		};
		5CAE6036243E2E1200E4744E /* Shared Cells */ = {
			isa = PBXGroup;
			children = (
				5CAE604A243E6E5300E4744E /* DateField */,
				5CAE6045243E60C600E4744E /* SwitchField */,
				5CAE6040243E5E1F00E4744E /* TextAreaField */,
				5CAE6037243E2E3700E4744E /* TextField */,
			);
			path = "Shared Cells";
			sourceTree = "<group>";
		};
		5CAE6037243E2E3700E4744E /* TextField */ = {
			isa = PBXGroup;
			children = (
				5CAE6039243E2E4F00E4744E /* TextFieldCollectionViewCell.swift */,
				5CAE6038243E2E4F00E4744E /* TextFieldCollectionViewCell.xib */,
			);
			path = TextField;
			sourceTree = "<group>";
		};
		5CAE6040243E5E1F00E4744E /* TextAreaField */ = {
			isa = PBXGroup;
			children = (
				5CAE6042243E5E4000E4744E /* TextAreaFieldCollectionViewCell.swift */,
				5CAE6041243E5E4000E4744E /* TextAreaFieldCollectionViewCell.xib */,
			);
			path = TextAreaField;
			sourceTree = "<group>";
		};
		5CAE6045243E60C600E4744E /* SwitchField */ = {
			isa = PBXGroup;
			children = (
				5CAE6046243E67BB00E4744E /* SwitchFieldCollectionViewCell.swift */,
				5CAE6047243E67BB00E4744E /* SwitchFieldCollectionViewCell.xib */,
			);
			path = SwitchField;
			sourceTree = "<group>";
		};
		5CAE604A243E6E5300E4744E /* DateField */ = {
			isa = PBXGroup;
			children = (
				5CAE604C243E6E6500E4744E /* DateFieldCollectionViewCell.swift */,
				5CAE604B243E6E6500E4744E /* DateFieldCollectionViewCell.xib */,
			);
			path = DateField;
			sourceTree = "<group>";
		};
/* End PBXGroup section */

/* Begin PBXNativeTarget section */
		2944BD082437DD7200826F48 /* InvasivesBC */ = {
			isa = PBXNativeTarget;
			buildConfigurationList = 2944BD282437DD7500826F48 /* Build configuration list for PBXNativeTarget "InvasivesBC" */;
			buildPhases = (
				FFF09D696EAEF19ED12B7007 /* [CP] Check Pods Manifest.lock */,
				2944BD052437DD7200826F48 /* Sources */,
				2944BD062437DD7200826F48 /* Frameworks */,
				2944BD072437DD7200826F48 /* Resources */,
				3F824084C31AE48E7723E2F9 /* [CP] Embed Pods Frameworks */,
			);
			buildRules = (
			);
			dependencies = (
			);
			name = InvasivesBC;
			productName = InvasivesBC;
			productReference = 2944BD092437DD7200826F48 /* InvasivesBC.app */;
			productType = "com.apple.product-type.application";
		};
		2944BD1E2437DD7500826F48 /* InvasivesBCTests */ = {
			isa = PBXNativeTarget;
			buildConfigurationList = 2944BD2B2437DD7500826F48 /* Build configuration list for PBXNativeTarget "InvasivesBCTests" */;
			buildPhases = (
				3A1CBD31AB3EE4DA7CC45FFD /* [CP] Check Pods Manifest.lock */,
				2944BD1B2437DD7500826F48 /* Sources */,
				2944BD1C2437DD7500826F48 /* Frameworks */,
				2944BD1D2437DD7500826F48 /* Resources */,
			);
			buildRules = (
			);
			dependencies = (
				2944BD212437DD7500826F48 /* PBXTargetDependency */,
			);
			name = InvasivesBCTests;
			productName = InvasivesBCTests;
			productReference = 2944BD1F2437DD7500826F48 /* InvasivesBCTests.xctest */;
			productType = "com.apple.product-type.bundle.unit-test";
		};
/* End PBXNativeTarget section */

/* Begin PBXProject section */
		2944BD012437DD7200826F48 /* Project object */ = {
			isa = PBXProject;
			attributes = {
				LastSwiftUpdateCheck = 1140;
				LastUpgradeCheck = 1140;
				ORGANIZATIONNAME = "Amir Shayegh";
				TargetAttributes = {
					2944BD082437DD7200826F48 = {
						CreatedOnToolsVersion = 11.4;
						LastSwiftMigration = 1110;
					};
					2944BD1E2437DD7500826F48 = {
						CreatedOnToolsVersion = 11.4;
						TestTargetID = 2944BD082437DD7200826F48;
					};
				};
			};
			buildConfigurationList = 2944BD042437DD7200826F48 /* Build configuration list for PBXProject "InvasivesBC" */;
			compatibilityVersion = "Xcode 9.3";
			developmentRegion = en;
			hasScannedForEncodings = 0;
			knownRegions = (
				en,
				Base,
			);
			mainGroup = 2944BD002437DD7200826F48;
			productRefGroup = 2944BD0A2437DD7200826F48 /* Products */;
			projectDirPath = "";
			projectRoot = "";
			targets = (
				2944BD082437DD7200826F48 /* InvasivesBC */,
				2944BD1E2437DD7500826F48 /* InvasivesBCTests */,
			);
		};
/* End PBXProject section */

/* Begin PBXResourcesBuildPhase section */
		2944BD072437DD7200826F48 /* Resources */ = {
			isa = PBXResourcesBuildPhase;
			buildActionMask = 2147483647;
			files = (
				29B1E5C82446522A00C44C78 /* insideOutsideTest.json in Resources */,
				5C718444243B88D300BF131C /* .gitignore in Resources */,
				5CAE6043243E5E4000E4744E /* TextAreaFieldCollectionViewCell.xib in Resources */,
				29DADF07244E0B580060628F /* check-mark-success.json in Resources */,
				2944BD192437DD7500826F48 /* LaunchScreen.storyboard in Resources */,
				29DADF08244E0B580060628F /* sync-circle.json in Resources */,
				29DADF57244E0C130060628F /* OptionsTableViewCell.xib in Resources */,
				29B1E5C92446522A00C44C78 /* bcHexTest.json in Resources */,
				29DADF61244E0C130060628F /* SwitcherView.xib in Resources */,
				29DADF55244E0C130060628F /* Options.storyboard in Resources */,
				29DADF44244E0C130060628F /* Dropdown.storyboard in Resources */,
				29DADF62244E0C130060628F /* SwitcherCollectionViewCell.xib in Resources */,
				29DADF4B244E0C130060628F /* TableEmptyStateTableViewCell.xib in Resources */,
				2944BD162437DD7500826F48 /* Assets.xcassets in Resources */,
				29DADF06244E0B580060628F /* unapproved-cross.json in Resources */,
				29DADF47244E0C130060628F /* DropdownTableViewCell.xib in Resources */,
				5CAE603A243E2E4F00E4744E /* TextFieldCollectionViewCell.xib in Resources */,
				5CAE604D243E6E6500E4744E /* DateFieldCollectionViewCell.xib in Resources */,
				2944BD142437DD7200826F48 /* Main.storyboard in Resources */,
				29DADF5D244E0C130060628F /* BannerView.xib in Resources */,
				29DADF5F244E0C130060628F /* PDFViewer.xib in Resources */,
				29B1E5C62446522A00C44C78 /* bcAlbersBoundry.json in Resources */,
				5CAE6049243E67BC00E4744E /* SwitchFieldCollectionViewCell.xib in Resources */,
				29DADF82244E1E200060628F /* TimePicker.storyboard in Resources */,
				29DADFA0244F7AD60060628F /* AwaitingAccessResponse.xib in Resources */,
				29DADF4E244E0C130060628F /* TableView.xib in Resources */,
				29B1E5C72446522A00C44C78 /* hexRules.json in Resources */,
				29DADF4C244E0C130060628F /* TableRowTableViewCell.xib in Resources */,
			);
			runOnlyForDeploymentPostprocessing = 0;
		};
		2944BD1D2437DD7500826F48 /* Resources */ = {
			isa = PBXResourcesBuildPhase;
			buildActionMask = 2147483647;
			files = (
			);
			runOnlyForDeploymentPostprocessing = 0;
		};
/* End PBXResourcesBuildPhase section */

/* Begin PBXShellScriptBuildPhase section */
		3A1CBD31AB3EE4DA7CC45FFD /* [CP] Check Pods Manifest.lock */ = {
			isa = PBXShellScriptBuildPhase;
			buildActionMask = 2147483647;
			files = (
			);
			inputFileListPaths = (
			);
			inputPaths = (
				"${PODS_PODFILE_DIR_PATH}/Podfile.lock",
				"${PODS_ROOT}/Manifest.lock",
			);
			name = "[CP] Check Pods Manifest.lock";
			outputFileListPaths = (
			);
			outputPaths = (
				"$(DERIVED_FILE_DIR)/Pods-InvasivesBCTests-checkManifestLockResult.txt",
			);
			runOnlyForDeploymentPostprocessing = 0;
			shellPath = /bin/sh;
			shellScript = "diff \"${PODS_PODFILE_DIR_PATH}/Podfile.lock\" \"${PODS_ROOT}/Manifest.lock\" > /dev/null\nif [ $? != 0 ] ; then\n    # print error to STDERR\n    echo \"error: The sandbox is not in sync with the Podfile.lock. Run 'pod install' or update your CocoaPods installation.\" >&2\n    exit 1\nfi\n# This output is used by Xcode 'outputs' to avoid re-running this script phase.\necho \"SUCCESS\" > \"${SCRIPT_OUTPUT_FILE_0}\"\n";
			showEnvVarsInLog = 0;
		};
		3F824084C31AE48E7723E2F9 /* [CP] Embed Pods Frameworks */ = {
			isa = PBXShellScriptBuildPhase;
			buildActionMask = 2147483647;
			files = (
			);
			inputFileListPaths = (
				"${PODS_ROOT}/Target Support Files/Pods-InvasivesBC/Pods-InvasivesBC-frameworks-${CONFIGURATION}-input-files.xcfilelist",
			);
			name = "[CP] Embed Pods Frameworks";
			outputFileListPaths = (
				"${PODS_ROOT}/Target Support Files/Pods-InvasivesBC/Pods-InvasivesBC-frameworks-${CONFIGURATION}-output-files.xcfilelist",
			);
			runOnlyForDeploymentPostprocessing = 0;
			shellPath = /bin/sh;
			shellScript = "\"${PODS_ROOT}/Target Support Files/Pods-InvasivesBC/Pods-InvasivesBC-frameworks.sh\"\n";
			showEnvVarsInLog = 0;
		};
		FFF09D696EAEF19ED12B7007 /* [CP] Check Pods Manifest.lock */ = {
			isa = PBXShellScriptBuildPhase;
			buildActionMask = 2147483647;
			files = (
			);
			inputFileListPaths = (
			);
			inputPaths = (
				"${PODS_PODFILE_DIR_PATH}/Podfile.lock",
				"${PODS_ROOT}/Manifest.lock",
			);
			name = "[CP] Check Pods Manifest.lock";
			outputFileListPaths = (
			);
			outputPaths = (
				"$(DERIVED_FILE_DIR)/Pods-InvasivesBC-checkManifestLockResult.txt",
			);
			runOnlyForDeploymentPostprocessing = 0;
			shellPath = /bin/sh;
			shellScript = "diff \"${PODS_PODFILE_DIR_PATH}/Podfile.lock\" \"${PODS_ROOT}/Manifest.lock\" > /dev/null\nif [ $? != 0 ] ; then\n    # print error to STDERR\n    echo \"error: The sandbox is not in sync with the Podfile.lock. Run 'pod install' or update your CocoaPods installation.\" >&2\n    exit 1\nfi\n# This output is used by Xcode 'outputs' to avoid re-running this script phase.\necho \"SUCCESS\" > \"${SCRIPT_OUTPUT_FILE_0}\"\n";
			showEnvVarsInLog = 0;
		};
/* End PBXShellScriptBuildPhase section */

/* Begin PBXSourcesBuildPhase section */
		2944BD052437DD7200826F48 /* Sources */ = {
			isa = PBXSourcesBuildPhase;
			buildActionMask = 2147483647;
			files = (
				5C647090243CDB630013720E /* FieldModels.swift in Sources */,
				29DADF89244E206B0060628F /* APIService.swift in Sources */,
				29DADF83244E1E200060628F /* TimePickerViewController.swift in Sources */,
				29B1E5D12447811500C44C78 /* HexRule.swift in Sources */,
				29DADF8C244E3CF30060628F /* LoginViewController.swift in Sources */,
				29DADF45244E0C130060628F /* Dropdown.swift in Sources */,
				5CA312962444A1660005AC75 /* Validator.swift in Sources */,
				29DADF54244E0C130060628F /* Options.swift in Sources */,
				5CAE604E243E6E6500E4744E /* DateFieldCollectionViewCell.swift in Sources */,
				5CAE6029243E14A100E4744E /* Colors.swift in Sources */,
				29B1E5C32446522A00C44C78 /* AlbersCoordinate.swift in Sources */,
				29DADF5A244E0C130060628F /* OptionType.swift in Sources */,
				29DADF93244E3D870060628F /* SettingsModel.swift in Sources */,
				2944BD112437DD7200826F48 /* ViewController.swift in Sources */,
				29DADF4F244E0C130060628F /* Table.swift in Sources */,
				5C64708C243CC52F0013720E /* DynamicValue.swift in Sources */,
				5CAE6030243E16DB00E4744E /* SettingsConstants.swift in Sources */,
				29DADF59244E0C130060628F /* OptionsViewController.swift in Sources */,
				5CAE6033243E182B00E4744E /* FieldGroup.swift in Sources */,
				2944BD0D2437DD7200826F48 /* AppDelegate.swift in Sources */,
				29DADEFD244E0A3A0060628F /* StringExtension.swift in Sources */,
				29DADF5C244E0C130060628F /* Banner.swift in Sources */,
				29DADFA5244F84F10060628F /* UserModel.swift in Sources */,
				29DADF56244E0C130060628F /* OptionsTableViewCell.swift in Sources */,
				29B1E5C52446522A00C44C78 /* HexLocation.swift in Sources */,
				29DADF51244E0C130060628F /* TableViewModel.swift in Sources */,
				5CAE603B243E2E4F00E4744E /* TextFieldCollectionViewCell.swift in Sources */,
				29DADF64244E0C130060628F /* SwitcherCollectionViewCell.swift in Sources */,
				29DADF46244E0C130060628F /* DropdownViewController.swift in Sources */,
				29DADF81244E1E200060628F /* TimePicker.swift in Sources */,
				29DADF53244E0C130060628F /* Alert.swift in Sources */,
				29DADF75244E15F50060628F /* AppRemoteAPIConst.swift in Sources */,
				29DADF49244E0C130060628F /* DropdownTableViewCell.swift in Sources */,
				29B1E5C22446522A00C44C78 /* LocationServices.swift in Sources */,
				29DADFA8244F9F390060628F /* ViewControllerAuthentication.swift in Sources */,
				5CA6E06F24475DC900774A28 /* User.swift in Sources */,
				5C718452243B896700BF131C /* ApplicationLogger.swift in Sources */,
				5CAE602B243E14A100E4744E /* Fonts.swift in Sources */,
				29DADF5B244E0C130060628F /* BannerView.swift in Sources */,
				29DADF58244E0C130060628F /* PopoverSize.swift in Sources */,
				29B1E5C42446522A00C44C78 /* UTMCoordinate.swift in Sources */,
				29DADF0B244E0B5E0060628F /* JWTDecoder.swift in Sources */,
				5C647092243D0A190013720E /* Time.swift in Sources */,
				5C718453243B896700BF131C /* GenericConst.swift in Sources */,
				5CAE602A243E14A100E4744E /* Theme.swift in Sources */,
				5C71844A243B892A00BF131C /* UtilityObjC.m in Sources */,
				5C647098243D20E70013720E /* BaseFieldCell.swift in Sources */,
				5CA312982444C5130005AC75 /* FieldGroupModels.swift in Sources */,
				5C718451243B896700BF131C /* FoundationExtension.swift in Sources */,
				29DADF50244E0C130060628F /* TableView.swift in Sources */,
				29DADFA3244F80D60060628F /* UserRoleModel.swift in Sources */,
				29DADF70244E14FB0060628F /* KeycloakConstants.swift in Sources */,
				29DADF7C244E173D0060628F /* BaseViewController.swift in Sources */,
				2944BD0F2437DD7200826F48 /* SceneDelegate.swift in Sources */,
				29DADF73244E15160060628F /* APIRequestProtocol.swift in Sources */,
				29DADF48244E0C130060628F /* DropdownModel.swift in Sources */,
				5CAE602E243E166F00E4744E /* StringConstants.swift in Sources */,
				29DADF92244E3D870060628F /* Settings.swift in Sources */,
				29DADF60244E0C130060628F /* Switcher.swift in Sources */,
				5CA6E05A24474F8900774A28 /* BaseObject.swift in Sources */,
				29DADF79244E16F80060628F /* Notifications.swift in Sources */,
				29DADF68244E148C0060628F /* StatusColor.swift in Sources */,
				5C718454243B896700BF131C /* Promise.swift in Sources */,
				5CAE6035243E2D2B00E4744E /* FieldGroup+CollectionView.swift in Sources */,
				29DADEFE244E0A3A0060628F /* UIViewControllerExtensions.swift in Sources */,
				29DADF6D244E14B50060628F /* BaseRealmObject.swift in Sources */,
				29DADF86244E1FF70060628F /* AuthenticationService.swift in Sources */,
				5CA6E07124475EC300774A28 /* UserExtension.swift in Sources */,
				29DADF9C244F75AD0060628F /* SyncService.swift in Sources */,
				5CAE6044243E5E4000E4744E /* TextAreaFieldCollectionViewCell.swift in Sources */,
				29DADF5E244E0C130060628F /* PDFViewer.swift in Sources */,
				5CAE602C243E14A100E4744E /* GradiantView.swift in Sources */,
				5CAE6048243E67BB00E4744E /* SwitchFieldCollectionViewCell.swift in Sources */,
				29DADFA1244F7AD60060628F /* AwaitingAccessResponse.swift in Sources */,
				29DADF96244E3E7A0060628F /* AccessService.swift in Sources */,
				29DADF4D244E0C130060628F /* TableRowTableViewCell.swift in Sources */,
				29DADF4A244E0C130060628F /* TableEmptyStateTableViewCell.swift in Sources */,
				5C718455243B896700BF131C /* ApplicationErrorConst.swift in Sources */,
				29DADF00244E0A3A0060628F /* ArrayExtension.swift in Sources */,
				29DADF63244E0C130060628F /* SwitcherView.swift in Sources */,
				29DADEFC244E0A3A0060628F /* FoundationExtension.swift in Sources */,
				29DADF99244E3F560060628F /* UserService.swift in Sources */,
				29DADF52244E0C130060628F /* TestTableViewObject.swift in Sources */,
				5CA6E06B24475A2400774A28 /* BaseObjectExtension.swift in Sources */,
				29DADF6C244E14B50060628F /* RealmRequests.swift in Sources */,
			);
			runOnlyForDeploymentPostprocessing = 0;
		};
		2944BD1B2437DD7500826F48 /* Sources */ = {
			isa = PBXSourcesBuildPhase;
			buildActionMask = 2147483647;
			files = (
				5C647094243D17B70013720E /* FieldModelTest.swift in Sources */,
				2944BD242437DD7500826F48 /* InvasivesBCTests.swift in Sources */,
				29B1E5CB2446524800C44C78 /* LocationServicesTests.swift in Sources */,
				5CAE603F243E55D100E4744E /* FieldCellTests.swift in Sources */,
				5C64708E243CCBF20013720E /* DynamicValueTest.swift in Sources */,
				5CA6E07324475F2100774A28 /* UserModelTest.swift in Sources */,
				5CAE6050243F8D9800E4744E /* FieldGroupTests.swift in Sources */,
			);
			runOnlyForDeploymentPostprocessing = 0;
		};
/* End PBXSourcesBuildPhase section */

/* Begin PBXTargetDependency section */
		2944BD212437DD7500826F48 /* PBXTargetDependency */ = {
			isa = PBXTargetDependency;
			target = 2944BD082437DD7200826F48 /* InvasivesBC */;
			targetProxy = 2944BD202437DD7500826F48 /* PBXContainerItemProxy */;
		};
/* End PBXTargetDependency section */

/* Begin PBXVariantGroup section */
		2944BD122437DD7200826F48 /* Main.storyboard */ = {
			isa = PBXVariantGroup;
			children = (
				2944BD132437DD7200826F48 /* Base */,
			);
			name = Main.storyboard;
			sourceTree = "<group>";
		};
		2944BD172437DD7500826F48 /* LaunchScreen.storyboard */ = {
			isa = PBXVariantGroup;
			children = (
				2944BD182437DD7500826F48 /* Base */,
			);
			name = LaunchScreen.storyboard;
			sourceTree = "<group>";
		};
/* End PBXVariantGroup section */

/* Begin XCBuildConfiguration section */
		2944BD262437DD7500826F48 /* Debug */ = {
			isa = XCBuildConfiguration;
			buildSettings = {
				ALWAYS_SEARCH_USER_PATHS = NO;
				CLANG_ANALYZER_NONNULL = YES;
				CLANG_ANALYZER_NUMBER_OBJECT_CONVERSION = YES_AGGRESSIVE;
				CLANG_CXX_LANGUAGE_STANDARD = "gnu++14";
				CLANG_CXX_LIBRARY = "libc++";
				CLANG_ENABLE_MODULES = YES;
				CLANG_ENABLE_OBJC_ARC = YES;
				CLANG_ENABLE_OBJC_WEAK = YES;
				CLANG_WARN_BLOCK_CAPTURE_AUTORELEASING = YES;
				CLANG_WARN_BOOL_CONVERSION = YES;
				CLANG_WARN_COMMA = YES;
				CLANG_WARN_CONSTANT_CONVERSION = YES;
				CLANG_WARN_DEPRECATED_OBJC_IMPLEMENTATIONS = YES;
				CLANG_WARN_DIRECT_OBJC_ISA_USAGE = YES_ERROR;
				CLANG_WARN_DOCUMENTATION_COMMENTS = YES;
				CLANG_WARN_EMPTY_BODY = YES;
				CLANG_WARN_ENUM_CONVERSION = YES;
				CLANG_WARN_INFINITE_RECURSION = YES;
				CLANG_WARN_INT_CONVERSION = YES;
				CLANG_WARN_NON_LITERAL_NULL_CONVERSION = YES;
				CLANG_WARN_OBJC_IMPLICIT_RETAIN_SELF = YES;
				CLANG_WARN_OBJC_LITERAL_CONVERSION = YES;
				CLANG_WARN_OBJC_ROOT_CLASS = YES_ERROR;
				CLANG_WARN_RANGE_LOOP_ANALYSIS = YES;
				CLANG_WARN_STRICT_PROTOTYPES = YES;
				CLANG_WARN_SUSPICIOUS_MOVE = YES;
				CLANG_WARN_UNGUARDED_AVAILABILITY = YES_AGGRESSIVE;
				CLANG_WARN_UNREACHABLE_CODE = YES;
				CLANG_WARN__DUPLICATE_METHOD_MATCH = YES;
				COPY_PHASE_STRIP = NO;
				DEBUG_INFORMATION_FORMAT = dwarf;
				ENABLE_STRICT_OBJC_MSGSEND = YES;
				ENABLE_TESTABILITY = YES;
				GCC_C_LANGUAGE_STANDARD = gnu11;
				GCC_DYNAMIC_NO_PIC = NO;
				GCC_NO_COMMON_BLOCKS = YES;
				GCC_OPTIMIZATION_LEVEL = 0;
				GCC_PREPROCESSOR_DEFINITIONS = (
					"DEBUG=1",
					"$(inherited)",
				);
				GCC_WARN_64_TO_32_BIT_CONVERSION = YES;
				GCC_WARN_ABOUT_RETURN_TYPE = YES_ERROR;
				GCC_WARN_UNDECLARED_SELECTOR = YES;
				GCC_WARN_UNINITIALIZED_AUTOS = YES_AGGRESSIVE;
				GCC_WARN_UNUSED_FUNCTION = YES;
				GCC_WARN_UNUSED_VARIABLE = YES;
				IPHONEOS_DEPLOYMENT_TARGET = 13.0;
				MTL_ENABLE_DEBUG_INFO = INCLUDE_SOURCE;
				MTL_FAST_MATH = YES;
				ONLY_ACTIVE_ARCH = YES;
				SDKROOT = iphoneos;
				SWIFT_ACTIVE_COMPILATION_CONDITIONS = DEBUG;
				SWIFT_OPTIMIZATION_LEVEL = "-Onone";
			};
			name = Debug;
		};
		2944BD272437DD7500826F48 /* Release */ = {
			isa = XCBuildConfiguration;
			buildSettings = {
				ALWAYS_SEARCH_USER_PATHS = NO;
				CLANG_ANALYZER_NONNULL = YES;
				CLANG_ANALYZER_NUMBER_OBJECT_CONVERSION = YES_AGGRESSIVE;
				CLANG_CXX_LANGUAGE_STANDARD = "gnu++14";
				CLANG_CXX_LIBRARY = "libc++";
				CLANG_ENABLE_MODULES = YES;
				CLANG_ENABLE_OBJC_ARC = YES;
				CLANG_ENABLE_OBJC_WEAK = YES;
				CLANG_WARN_BLOCK_CAPTURE_AUTORELEASING = YES;
				CLANG_WARN_BOOL_CONVERSION = YES;
				CLANG_WARN_COMMA = YES;
				CLANG_WARN_CONSTANT_CONVERSION = YES;
				CLANG_WARN_DEPRECATED_OBJC_IMPLEMENTATIONS = YES;
				CLANG_WARN_DIRECT_OBJC_ISA_USAGE = YES_ERROR;
				CLANG_WARN_DOCUMENTATION_COMMENTS = YES;
				CLANG_WARN_EMPTY_BODY = YES;
				CLANG_WARN_ENUM_CONVERSION = YES;
				CLANG_WARN_INFINITE_RECURSION = YES;
				CLANG_WARN_INT_CONVERSION = YES;
				CLANG_WARN_NON_LITERAL_NULL_CONVERSION = YES;
				CLANG_WARN_OBJC_IMPLICIT_RETAIN_SELF = YES;
				CLANG_WARN_OBJC_LITERAL_CONVERSION = YES;
				CLANG_WARN_OBJC_ROOT_CLASS = YES_ERROR;
				CLANG_WARN_RANGE_LOOP_ANALYSIS = YES;
				CLANG_WARN_STRICT_PROTOTYPES = YES;
				CLANG_WARN_SUSPICIOUS_MOVE = YES;
				CLANG_WARN_UNGUARDED_AVAILABILITY = YES_AGGRESSIVE;
				CLANG_WARN_UNREACHABLE_CODE = YES;
				CLANG_WARN__DUPLICATE_METHOD_MATCH = YES;
				COPY_PHASE_STRIP = NO;
				DEBUG_INFORMATION_FORMAT = "dwarf-with-dsym";
				ENABLE_NS_ASSERTIONS = NO;
				ENABLE_STRICT_OBJC_MSGSEND = YES;
				GCC_C_LANGUAGE_STANDARD = gnu11;
				GCC_NO_COMMON_BLOCKS = YES;
				GCC_WARN_64_TO_32_BIT_CONVERSION = YES;
				GCC_WARN_ABOUT_RETURN_TYPE = YES_ERROR;
				GCC_WARN_UNDECLARED_SELECTOR = YES;
				GCC_WARN_UNINITIALIZED_AUTOS = YES_AGGRESSIVE;
				GCC_WARN_UNUSED_FUNCTION = YES;
				GCC_WARN_UNUSED_VARIABLE = YES;
				IPHONEOS_DEPLOYMENT_TARGET = 13.0;
				MTL_ENABLE_DEBUG_INFO = NO;
				MTL_FAST_MATH = YES;
				SDKROOT = iphoneos;
				SWIFT_COMPILATION_MODE = wholemodule;
				SWIFT_OPTIMIZATION_LEVEL = "-O";
				VALIDATE_PRODUCT = YES;
			};
			name = Release;
		};
		2944BD292437DD7500826F48 /* Debug */ = {
			isa = XCBuildConfiguration;
			baseConfigurationReference = F82DAD2914D8DA07F6141680 /* Pods-InvasivesBC.debug.xcconfig */;
			buildSettings = {
				ASSETCATALOG_COMPILER_APPICON_NAME = AppIcon;
				CLANG_ENABLE_MODULES = YES;
				CODE_SIGN_STYLE = Automatic;
				DEVELOPMENT_TEAM = L796QSLV3E;
				INFOPLIST_FILE = InvasivesBC/Info.plist;
				LD_RUNPATH_SEARCH_PATHS = (
					"$(inherited)",
					"@executable_path/Frameworks",
				);
				PRODUCT_BUNDLE_IDENTIFIER = ca.bc.gov.InvasivesBC.InvasivesBC;
				PRODUCT_NAME = "$(TARGET_NAME)";
				SWIFT_OBJC_BRIDGING_HEADER = "InvasivesBC/Generic Core/ObjC/InvasivesBC-Bridging-Header.h";
				SWIFT_OPTIMIZATION_LEVEL = "-Onone";
				SWIFT_VERSION = 5.0;
				TARGETED_DEVICE_FAMILY = 2;
			};
			name = Debug;
		};
		2944BD2A2437DD7500826F48 /* Release */ = {
			isa = XCBuildConfiguration;
			baseConfigurationReference = 54F2BB66A64CD65C38EA225C /* Pods-InvasivesBC.release.xcconfig */;
			buildSettings = {
				ASSETCATALOG_COMPILER_APPICON_NAME = AppIcon;
				CLANG_ENABLE_MODULES = YES;
				CODE_SIGN_STYLE = Automatic;
				DEVELOPMENT_TEAM = L796QSLV3E;
				INFOPLIST_FILE = InvasivesBC/Info.plist;
				LD_RUNPATH_SEARCH_PATHS = (
					"$(inherited)",
					"@executable_path/Frameworks",
				);
				PRODUCT_BUNDLE_IDENTIFIER = ca.bc.gov.InvasivesBC.InvasivesBC;
				PRODUCT_NAME = "$(TARGET_NAME)";
				SWIFT_OBJC_BRIDGING_HEADER = "InvasivesBC/Generic Core/ObjC/InvasivesBC-Bridging-Header.h";
				SWIFT_VERSION = 5.0;
				TARGETED_DEVICE_FAMILY = 2;
			};
			name = Release;
		};
		2944BD2C2437DD7500826F48 /* Debug */ = {
			isa = XCBuildConfiguration;
			baseConfigurationReference = 3AE8B657A1C7FEF99FD825DC /* Pods-InvasivesBCTests.debug.xcconfig */;
			buildSettings = {
				ALWAYS_EMBED_SWIFT_STANDARD_LIBRARIES = YES;
				BUNDLE_LOADER = "$(TEST_HOST)";
				CODE_SIGN_STYLE = Automatic;
				DEVELOPMENT_TEAM = L796QSLV3E;
				INFOPLIST_FILE = InvasivesBCTests/Info.plist;
				IPHONEOS_DEPLOYMENT_TARGET = 11.0;
				LD_RUNPATH_SEARCH_PATHS = (
					"$(inherited)",
					"@executable_path/Frameworks",
					"@loader_path/Frameworks",
				);
				PRODUCT_BUNDLE_IDENTIFIER = ca.bc.gov.InvasivesBC.InvasivesBCTests;
				PRODUCT_NAME = "$(TARGET_NAME)";
				SWIFT_VERSION = 5.0;
				TARGETED_DEVICE_FAMILY = "1,2";
				TEST_HOST = "$(BUILT_PRODUCTS_DIR)/InvasivesBC.app/InvasivesBC";
			};
			name = Debug;
		};
		2944BD2D2437DD7500826F48 /* Release */ = {
			isa = XCBuildConfiguration;
			baseConfigurationReference = D7FBA663E9B29797DC3DFE8D /* Pods-InvasivesBCTests.release.xcconfig */;
			buildSettings = {
				ALWAYS_EMBED_SWIFT_STANDARD_LIBRARIES = YES;
				BUNDLE_LOADER = "$(TEST_HOST)";
				CODE_SIGN_STYLE = Automatic;
				DEVELOPMENT_TEAM = L796QSLV3E;
				INFOPLIST_FILE = InvasivesBCTests/Info.plist;
				IPHONEOS_DEPLOYMENT_TARGET = 11.0;
				LD_RUNPATH_SEARCH_PATHS = (
					"$(inherited)",
					"@executable_path/Frameworks",
					"@loader_path/Frameworks",
				);
				PRODUCT_BUNDLE_IDENTIFIER = ca.bc.gov.InvasivesBC.InvasivesBCTests;
				PRODUCT_NAME = "$(TARGET_NAME)";
				SWIFT_VERSION = 5.0;
				TARGETED_DEVICE_FAMILY = "1,2";
				TEST_HOST = "$(BUILT_PRODUCTS_DIR)/InvasivesBC.app/InvasivesBC";
			};
			name = Release;
		};
/* End XCBuildConfiguration section */

/* Begin XCConfigurationList section */
		2944BD042437DD7200826F48 /* Build configuration list for PBXProject "InvasivesBC" */ = {
			isa = XCConfigurationList;
			buildConfigurations = (
				2944BD262437DD7500826F48 /* Debug */,
				2944BD272437DD7500826F48 /* Release */,
			);
			defaultConfigurationIsVisible = 0;
			defaultConfigurationName = Release;
		};
		2944BD282437DD7500826F48 /* Build configuration list for PBXNativeTarget "InvasivesBC" */ = {
			isa = XCConfigurationList;
			buildConfigurations = (
				2944BD292437DD7500826F48 /* Debug */,
				2944BD2A2437DD7500826F48 /* Release */,
			);
			defaultConfigurationIsVisible = 0;
			defaultConfigurationName = Release;
		};
		2944BD2B2437DD7500826F48 /* Build configuration list for PBXNativeTarget "InvasivesBCTests" */ = {
			isa = XCConfigurationList;
			buildConfigurations = (
				2944BD2C2437DD7500826F48 /* Debug */,
				2944BD2D2437DD7500826F48 /* Release */,
			);
			defaultConfigurationIsVisible = 0;
			defaultConfigurationName = Release;
		};
/* End XCConfigurationList section */
	};
	rootObject = 2944BD012437DD7200826F48 /* Project object */;
}
